PODS:
  - InjectableLoggers (1.0.2)
  - PureLayout (3.0.2)
  - Zoomy (1.6.2):
    - InjectableLoggers (~> 1.0)
    - PureLayout (~> 3.0)

DEPENDENCIES:
  - InjectableLoggers (~> 1.0)
  - Zoomy (from `../`)

SPEC REPOS:
  https://github.com/CocoaPods/Specs.git:
    - InjectableLoggers
    - PureLayout

EXTERNAL SOURCES:
  Zoomy:
    :path: "../"

SPEC CHECKSUMS:
  InjectableLoggers: a53cc658f36027da9915293f724d23afadd8d44a
  PureLayout: 4d550abe49a94f24c2808b9b95db9131685fe4cd
  Zoomy: 53d4c6f29916a90667e3173c626437c4d575a36d

PODFILE CHECKSUM: d73839f89c40d82dac3dbafcdd83a82a089b33e6

COCOAPODS: 1.5.0
