PODS:
  - InjectableLoggers (2.0.0)
  - Zoomy (3.1.0):
    - InjectableLoggers (~> 2.0)

DEPENDENCIES:
  - InjectableLoggers (~> 2.0)
  - Zoomy (from `../`)

SPEC REPOS:
  https://github.com/cocoapods/specs.git:
    - InjectableLoggers

EXTERNAL SOURCES:
  Zoomy:
    :path: "../"

SPEC CHECKSUMS:
  InjectableLoggers: a21d5df992e5c85533a9a5026152e1c8edef7bbe
  Zoomy: d18aa5937b43852af86ab7c4682231eec5e4f8ac

PODFILE CHECKSUM: 39f6e9c0e0d3bdf516c19d2b797b57bee13a1f0c

COCOAPODS: 1.7.5
