PODS:
  - PureLayout (3.0.2)
  - Zoomy (1.5.0):
    - PureLayout (~> 3.0)

DEPENDENCIES:
  - Zoomy (from `../`)

SPEC REPOS:
  https://github.com/CocoaPods/Specs.git:
    - PureLayout

EXTERNAL SOURCES:
  Zoomy:
    :path: "../"

SPEC CHECKSUMS:
  PureLayout: 4d550abe49a94f24c2808b9b95db9131685fe4cd
  Zoomy: d484c5544732618fe8e58beea48260cffdc3092e

PODFILE CHECKSUM: 9e9171665ddd2424d55bd45e5d106c8d713a92e3

COCOAPODS: 1.5.0
