{
  "object": {
    "pins": [
      {
        "package": "InjectableLoggers",
        "repositoryURL": "https://github.com/lvnkmn/InjectableLoggers",
        "state": {
          "branch": null,
          "revision": "5780ccbb4df196bfa31aaec48891f583848a7ab3",
          "version": "2.1.0"
        }
      }
    ]
  },
  "version": 1
}
