// !$*UTF8*$!
{
	archiveVersion = 1;
	classes = {
	};
	objectVersion = 56;
	objects = {

/* Begin PBXBuildFile section */
		96D0F60D299F8B0000AB8C0B /* Main.storyboard in Resources */ = {isa = PBXBuildFile; fileRef = 96D0F60B299F8B0000AB8C0B /* Main.storyboard */; };
		96D0F60F299F8B0200AB8C0B /* Assets.xcassets in Resources */ = {isa = PBXBuildFile; fileRef = 96D0F60E299F8B0200AB8C0B /* Assets.xcassets */; };
		96D0F612299F8B0200AB8C0B /* LaunchScreen.storyboard in Resources */ = {isa = PBXBuildFile; fileRef = 96D0F610299F8B0200AB8C0B /* LaunchScreen.storyboard */; };
		96D0F61D299F8B0200AB8C0B /* ExampleTests.swift in Sources */ = {isa = PBXBuildFile; fileRef = 96D0F61C299F8B0200AB8C0B /* ExampleTests.swift */; };
		96D0F627299F8B0200AB8C0B /* ExampleUITests.swift in Sources */ = {isa = PBXBuildFile; fileRef = 96D0F626299F8B0200AB8C0B /* ExampleUITests.swift */; };
		96D0F629299F8B0200AB8C0B /* ExampleUITestsLaunchTests.swift in Sources */ = {isa = PBXBuildFile; fileRef = 96D0F628299F8B0200AB8C0B /* ExampleUITestsLaunchTests.swift */; };
		96D0F64A299F8C1600AB8C0B /* SquaredImagesCollectionViewController.swift in Sources */ = {isa = PBXBuildFile; fileRef = 96D0F636299F8C1500AB8C0B /* SquaredImagesCollectionViewController.swift */; };
		96D0F64B299F8C1600AB8C0B /* StackViewImagesViewController.swift in Sources */ = {isa = PBXBuildFile; fileRef = 96D0F637299F8C1500AB8C0B /* StackViewImagesViewController.swift */; };
		96D0F64C299F8C1600AB8C0B /* ImageCellNode.swift in Sources */ = {isa = PBXBuildFile; fileRef = 96D0F638299F8C1600AB8C0B /* ImageCellNode.swift */; };
		96D0F64D299F8C1600AB8C0B /* UIImage+aspectSizeWithWidth.swift in Sources */ = {isa = PBXBuildFile; fileRef = 96D0F639299F8C1600AB8C0B /* UIImage+aspectSizeWithWidth.swift */; };
		96D0F64E299F8C1600AB8C0B /* Images.swift in Sources */ = {isa = PBXBuildFile; fileRef = 96D0F63A299F8C1600AB8C0B /* Images.swift */; };
		96D0F64F299F8C1700AB8C0B /* InstaZoomViewController.swift in Sources */ = {isa = PBXBuildFile; fileRef = 96D0F63B299F8C1600AB8C0B /* InstaZoomViewController.swift */; };
		96D0F650299F8C1700AB8C0B /* ASImageNode+Zoomable.swift in Sources */ = {isa = PBXBuildFile; fileRef = 96D0F63C299F8C1600AB8C0B /* ASImageNode+Zoomable.swift */; };
		96D0F651299F8C1700AB8C0B /* AppDelegate.swift in Sources */ = {isa = PBXBuildFile; fileRef = 96D0F63D299F8C1600AB8C0B /* AppDelegate.swift */; };
		96D0F652299F8C1700AB8C0B /* ChangingActionsViewController.swift in Sources */ = {isa = PBXBuildFile; fileRef = 96D0F63E299F8C1600AB8C0B /* ChangingActionsViewController.swift */; };
		96D0F653299F8C1700AB8C0B /* ImageCollectionTextureViewController.swift in Sources */ = {isa = PBXBuildFile; fileRef = 96D0F63F299F8C1600AB8C0B /* ImageCollectionTextureViewController.swift */; };
		96D0F654299F8C1700AB8C0B /* ScreenWideImageViewController.swift in Sources */ = {isa = PBXBuildFile; fileRef = 96D0F640299F8C1600AB8C0B /* ScreenWideImageViewController.swift */; };
		96D0F655299F8C1700AB8C0B /* NonCenteredImagesViewController.swift in Sources */ = {isa = PBXBuildFile; fileRef = 96D0F641299F8C1600AB8C0B /* NonCenteredImagesViewController.swift */; };
		96D0F656299F8C1700AB8C0B /* MosaicCollectionViewLayout.swift in Sources */ = {isa = PBXBuildFile; fileRef = 96D0F642299F8C1600AB8C0B /* MosaicCollectionViewLayout.swift */; };
		96D0F657299F8C1700AB8C0B /* UIView.Contentmode+CustomStringConvertible.swift in Sources */ = {isa = PBXBuildFile; fileRef = 96D0F643299F8C1600AB8C0B /* UIView.Contentmode+CustomStringConvertible.swift */; };
		96D0F658299F8C1700AB8C0B /* CollectionViewCellWithImage.swift in Sources */ = {isa = PBXBuildFile; fileRef = 96D0F644299F8C1600AB8C0B /* CollectionViewCellWithImage.swift */; };
		96D0F659299F8C1700AB8C0B /* UIImageView+addImageAspectRatioContraint.swift in Sources */ = {isa = PBXBuildFile; fileRef = 96D0F645299F8C1600AB8C0B /* UIImageView+addImageAspectRatioContraint.swift */; };
		96D0F65A299F8C1700AB8C0B /* ExamplesViewController.swift in Sources */ = {isa = PBXBuildFile; fileRef = 96D0F646299F8C1600AB8C0B /* ExamplesViewController.swift */; };
		96D0F65B299F8C1700AB8C0B /* SingleImageTextureViewController.swift in Sources */ = {isa = PBXBuildFile; fileRef = 96D0F647299F8C1600AB8C0B /* SingleImageTextureViewController.swift */; };
		96D0F65C299F8C1700AB8C0B /* NavigationController.swift in Sources */ = {isa = PBXBuildFile; fileRef = 96D0F648299F8C1600AB8C0B /* NavigationController.swift */; };
		96D0F65D299F8C1700AB8C0B /* FloatingActionButtonViewController.swift in Sources */ = {isa = PBXBuildFile; fileRef = 96D0F649299F8C1600AB8C0B /* FloatingActionButtonViewController.swift */; };
/* End PBXBuildFile section */

/* Begin PBXContainerItemProxy section */
		96D0F619299F8B0200AB8C0B /* PBXContainerItemProxy */ = {
			isa = PBXContainerItemProxy;
			containerPortal = 96D0F5FA299F8B0000AB8C0B /* Project object */;
			proxyType = 1;
			remoteGlobalIDString = 96D0F601299F8B0000AB8C0B;
			remoteInfo = Example;
		};
		96D0F623299F8B0200AB8C0B /* PBXContainerItemProxy */ = {
			isa = PBXContainerItemProxy;
			containerPortal = 96D0F5FA299F8B0000AB8C0B /* Project object */;
			proxyType = 1;
			remoteGlobalIDString = 96D0F601299F8B0000AB8C0B;
			remoteInfo = Example;
		};
/* End PBXContainerItemProxy section */

/* Begin PBXFileReference section */
		96D0F602299F8B0000AB8C0B /* Example.app */ = {isa = PBXFileReference; explicitFileType = wrapper.application; includeInIndex = 0; path = Example.app; sourceTree = BUILT_PRODUCTS_DIR; };
		96D0F60C299F8B0000AB8C0B /* Base */ = {isa = PBXFileReference; lastKnownFileType = file.storyboard; name = Base; path = Base.lproj/Main.storyboard; sourceTree = "<group>"; };
		96D0F60E299F8B0200AB8C0B /* Assets.xcassets */ = {isa = PBXFileReference; lastKnownFileType = folder.assetcatalog; path = Assets.xcassets; sourceTree = "<group>"; };
		96D0F611299F8B0200AB8C0B /* Base */ = {isa = PBXFileReference; lastKnownFileType = file.storyboard; name = Base; path = Base.lproj/LaunchScreen.storyboard; sourceTree = "<group>"; };
		96D0F613299F8B0200AB8C0B /* Info.plist */ = {isa = PBXFileReference; lastKnownFileType = text.plist.xml; path = Info.plist; sourceTree = "<group>"; };
		96D0F618299F8B0200AB8C0B /* ExampleTests.xctest */ = {isa = PBXFileReference; explicitFileType = wrapper.cfbundle; includeInIndex = 0; path = ExampleTests.xctest; sourceTree = BUILT_PRODUCTS_DIR; };
		96D0F61C299F8B0200AB8C0B /* ExampleTests.swift */ = {isa = PBXFileReference; lastKnownFileType = sourcecode.swift; path = ExampleTests.swift; sourceTree = "<group>"; };
		96D0F622299F8B0200AB8C0B /* ExampleUITests.xctest */ = {isa = PBXFileReference; explicitFileType = wrapper.cfbundle; includeInIndex = 0; path = ExampleUITests.xctest; sourceTree = BUILT_PRODUCTS_DIR; };
		96D0F626299F8B0200AB8C0B /* ExampleUITests.swift */ = {isa = PBXFileReference; lastKnownFileType = sourcecode.swift; path = ExampleUITests.swift; sourceTree = "<group>"; };
		96D0F628299F8B0200AB8C0B /* ExampleUITestsLaunchTests.swift */ = {isa = PBXFileReference; lastKnownFileType = sourcecode.swift; path = ExampleUITestsLaunchTests.swift; sourceTree = "<group>"; };
		96D0F635299F8C1500AB8C0B /* Example-Bridging-Header.h */ = {isa = PBXFileReference; lastKnownFileType = sourcecode.c.h; path = "Example-Bridging-Header.h"; sourceTree = "<group>"; };
		96D0F636299F8C1500AB8C0B /* SquaredImagesCollectionViewController.swift */ = {isa = PBXFileReference; fileEncoding = 4; lastKnownFileType = sourcecode.swift; path = SquaredImagesCollectionViewController.swift; sourceTree = "<group>"; };
		96D0F637299F8C1500AB8C0B /* StackViewImagesViewController.swift */ = {isa = PBXFileReference; fileEncoding = 4; lastKnownFileType = sourcecode.swift; path = StackViewImagesViewController.swift; sourceTree = "<group>"; };
		96D0F638299F8C1600AB8C0B /* ImageCellNode.swift */ = {isa = PBXFileReference; fileEncoding = 4; lastKnownFileType = sourcecode.swift; path = ImageCellNode.swift; sourceTree = "<group>"; };
		96D0F639299F8C1600AB8C0B /* UIImage+aspectSizeWithWidth.swift */ = {isa = PBXFileReference; fileEncoding = 4; lastKnownFileType = sourcecode.swift; path = "UIImage+aspectSizeWithWidth.swift"; sourceTree = "<group>"; };
		96D0F63A299F8C1600AB8C0B /* Images.swift */ = {isa = PBXFileReference; fileEncoding = 4; lastKnownFileType = sourcecode.swift; path = Images.swift; sourceTree = "<group>"; };
		96D0F63B299F8C1600AB8C0B /* InstaZoomViewController.swift */ = {isa = PBXFileReference; fileEncoding = 4; lastKnownFileType = sourcecode.swift; path = InstaZoomViewController.swift; sourceTree = "<group>"; };
		96D0F63C299F8C1600AB8C0B /* ASImageNode+Zoomable.swift */ = {isa = PBXFileReference; fileEncoding = 4; lastKnownFileType = sourcecode.swift; path = "ASImageNode+Zoomable.swift"; sourceTree = "<group>"; };
		96D0F63D299F8C1600AB8C0B /* AppDelegate.swift */ = {isa = PBXFileReference; fileEncoding = 4; lastKnownFileType = sourcecode.swift; path = AppDelegate.swift; sourceTree = "<group>"; };
		96D0F63E299F8C1600AB8C0B /* ChangingActionsViewController.swift */ = {isa = PBXFileReference; fileEncoding = 4; lastKnownFileType = sourcecode.swift; path = ChangingActionsViewController.swift; sourceTree = "<group>"; };
		96D0F63F299F8C1600AB8C0B /* ImageCollectionTextureViewController.swift */ = {isa = PBXFileReference; fileEncoding = 4; lastKnownFileType = sourcecode.swift; path = ImageCollectionTextureViewController.swift; sourceTree = "<group>"; };
		96D0F640299F8C1600AB8C0B /* ScreenWideImageViewController.swift */ = {isa = PBXFileReference; fileEncoding = 4; lastKnownFileType = sourcecode.swift; path = ScreenWideImageViewController.swift; sourceTree = "<group>"; };
		96D0F641299F8C1600AB8C0B /* NonCenteredImagesViewController.swift */ = {isa = PBXFileReference; fileEncoding = 4; lastKnownFileType = sourcecode.swift; path = NonCenteredImagesViewController.swift; sourceTree = "<group>"; };
		96D0F642299F8C1600AB8C0B /* MosaicCollectionViewLayout.swift */ = {isa = PBXFileReference; fileEncoding = 4; lastKnownFileType = sourcecode.swift; path = MosaicCollectionViewLayout.swift; sourceTree = "<group>"; };
		96D0F643299F8C1600AB8C0B /* UIView.Contentmode+CustomStringConvertible.swift */ = {isa = PBXFileReference; fileEncoding = 4; lastKnownFileType = sourcecode.swift; path = "UIView.Contentmode+CustomStringConvertible.swift"; sourceTree = "<group>"; };
		96D0F644299F8C1600AB8C0B /* CollectionViewCellWithImage.swift */ = {isa = PBXFileReference; fileEncoding = 4; lastKnownFileType = sourcecode.swift; path = CollectionViewCellWithImage.swift; sourceTree = "<group>"; };
		96D0F645299F8C1600AB8C0B /* UIImageView+addImageAspectRatioContraint.swift */ = {isa = PBXFileReference; fileEncoding = 4; lastKnownFileType = sourcecode.swift; path = "UIImageView+addImageAspectRatioContraint.swift"; sourceTree = "<group>"; };
		96D0F646299F8C1600AB8C0B /* ExamplesViewController.swift */ = {isa = PBXFileReference; fileEncoding = 4; lastKnownFileType = sourcecode.swift; path = ExamplesViewController.swift; sourceTree = "<group>"; };
		96D0F647299F8C1600AB8C0B /* SingleImageTextureViewController.swift */ = {isa = PBXFileReference; fileEncoding = 4; lastKnownFileType = sourcecode.swift; path = SingleImageTextureViewController.swift; sourceTree = "<group>"; };
		96D0F648299F8C1600AB8C0B /* NavigationController.swift */ = {isa = PBXFileReference; fileEncoding = 4; lastKnownFileType = sourcecode.swift; path = NavigationController.swift; sourceTree = "<group>"; };
		96D0F649299F8C1600AB8C0B /* FloatingActionButtonViewController.swift */ = {isa = PBXFileReference; fileEncoding = 4; lastKnownFileType = sourcecode.swift; path = FloatingActionButtonViewController.swift; sourceTree = "<group>"; };
/* End PBXFileReference section */

/* Begin PBXFrameworksBuildPhase section */
		96D0F5FF299F8B0000AB8C0B /* Frameworks */ = {
			isa = PBXFrameworksBuildPhase;
			buildActionMask = 2147483647;
			files = (
			);
			runOnlyForDeploymentPostprocessing = 0;
		};
		96D0F615299F8B0200AB8C0B /* Frameworks */ = {
			isa = PBXFrameworksBuildPhase;
			buildActionMask = 2147483647;
			files = (
			);
			runOnlyForDeploymentPostprocessing = 0;
		};
		96D0F61F299F8B0200AB8C0B /* Frameworks */ = {
			isa = PBXFrameworksBuildPhase;
			buildActionMask = 2147483647;
			files = (
			);
			runOnlyForDeploymentPostprocessing = 0;
		};
/* End PBXFrameworksBuildPhase section */

/* Begin PBXGroup section */
		96D0F5F9299F8B0000AB8C0B = {
			isa = PBXGroup;
			children = (
				96D0F604299F8B0000AB8C0B /* Example */,
				96D0F61B299F8B0200AB8C0B /* ExampleTests */,
				96D0F625299F8B0200AB8C0B /* ExampleUITests */,
				96D0F603299F8B0000AB8C0B /* Products */,
			);
			sourceTree = "<group>";
		};
		96D0F603299F8B0000AB8C0B /* Products */ = {
			isa = PBXGroup;
			children = (
				96D0F602299F8B0000AB8C0B /* Example.app */,
				96D0F618299F8B0200AB8C0B /* ExampleTests.xctest */,
				96D0F622299F8B0200AB8C0B /* ExampleUITests.xctest */,
			);
			name = Products;
			sourceTree = "<group>";
		};
		96D0F604299F8B0000AB8C0B /* Example */ = {
			isa = PBXGroup;
			children = (
				96D0F63D299F8C1600AB8C0B /* AppDelegate.swift */,
				96D0F63C299F8C1600AB8C0B /* ASImageNode+Zoomable.swift */,
				96D0F63E299F8C1600AB8C0B /* ChangingActionsViewController.swift */,
				96D0F644299F8C1600AB8C0B /* CollectionViewCellWithImage.swift */,
				96D0F646299F8C1600AB8C0B /* ExamplesViewController.swift */,
				96D0F649299F8C1600AB8C0B /* FloatingActionButtonViewController.swift */,
				96D0F638299F8C1600AB8C0B /* ImageCellNode.swift */,
				96D0F63F299F8C1600AB8C0B /* ImageCollectionTextureViewController.swift */,
				96D0F63A299F8C1600AB8C0B /* Images.swift */,
				96D0F63B299F8C1600AB8C0B /* InstaZoomViewController.swift */,
				96D0F642299F8C1600AB8C0B /* MosaicCollectionViewLayout.swift */,
				96D0F648299F8C1600AB8C0B /* NavigationController.swift */,
				96D0F641299F8C1600AB8C0B /* NonCenteredImagesViewController.swift */,
				96D0F640299F8C1600AB8C0B /* ScreenWideImageViewController.swift */,
				96D0F647299F8C1600AB8C0B /* SingleImageTextureViewController.swift */,
				96D0F636299F8C1500AB8C0B /* SquaredImagesCollectionViewController.swift */,
				96D0F637299F8C1500AB8C0B /* StackViewImagesViewController.swift */,
				96D0F639299F8C1600AB8C0B /* UIImage+aspectSizeWithWidth.swift */,
				96D0F645299F8C1600AB8C0B /* UIImageView+addImageAspectRatioContraint.swift */,
				96D0F643299F8C1600AB8C0B /* UIView.Contentmode+CustomStringConvertible.swift */,
				96D0F60B299F8B0000AB8C0B /* Main.storyboard */,
				96D0F60E299F8B0200AB8C0B /* Assets.xcassets */,
				96D0F610299F8B0200AB8C0B /* LaunchScreen.storyboard */,
				96D0F613299F8B0200AB8C0B /* Info.plist */,
				96D0F635299F8C1500AB8C0B /* Example-Bridging-Header.h */,
			);
			path = Example;
			sourceTree = "<group>";
		};
		96D0F61B299F8B0200AB8C0B /* ExampleTests */ = {
			isa = PBXGroup;
			children = (
				96D0F61C299F8B0200AB8C0B /* ExampleTests.swift */,
			);
			path = ExampleTests;
			sourceTree = "<group>";
		};
		96D0F625299F8B0200AB8C0B /* ExampleUITests */ = {
			isa = PBXGroup;
			children = (
				96D0F626299F8B0200AB8C0B /* ExampleUITests.swift */,
				96D0F628299F8B0200AB8C0B /* ExampleUITestsLaunchTests.swift */,
			);
			path = ExampleUITests;
			sourceTree = "<group>";
		};
/* End PBXGroup section */

/* Begin PBXNativeTarget section */
		96D0F601299F8B0000AB8C0B /* Example */ = {
			isa = PBXNativeTarget;
			buildConfigurationList = 96D0F62C299F8B0200AB8C0B /* Build configuration list for PBXNativeTarget "Example" */;
			buildPhases = (
				96D0F5FE299F8B0000AB8C0B /* Sources */,
				96D0F5FF299F8B0000AB8C0B /* Frameworks */,
				96D0F600299F8B0000AB8C0B /* Resources */,
			);
			buildRules = (
			);
			dependencies = (
			);
			name = Example;
			productName = Example;
			productReference = 96D0F602299F8B0000AB8C0B /* Example.app */;
			productType = "com.apple.product-type.application";
		};
		96D0F617299F8B0200AB8C0B /* ExampleTests */ = {
			isa = PBXNativeTarget;
			buildConfigurationList = 96D0F62F299F8B0200AB8C0B /* Build configuration list for PBXNativeTarget "ExampleTests" */;
			buildPhases = (
				96D0F614299F8B0200AB8C0B /* Sources */,
				96D0F615299F8B0200AB8C0B /* Frameworks */,
				96D0F616299F8B0200AB8C0B /* Resources */,
			);
			buildRules = (
			);
			dependencies = (
				96D0F61A299F8B0200AB8C0B /* PBXTargetDependency */,
			);
			name = ExampleTests;
			productName = ExampleTests;
			productReference = 96D0F618299F8B0200AB8C0B /* ExampleTests.xctest */;
			productType = "com.apple.product-type.bundle.unit-test";
		};
		96D0F621299F8B0200AB8C0B /* ExampleUITests */ = {
			isa = PBXNativeTarget;
			buildConfigurationList = 96D0F632299F8B0200AB8C0B /* Build configuration list for PBXNativeTarget "ExampleUITests" */;
			buildPhases = (
				96D0F61E299F8B0200AB8C0B /* Sources */,
				96D0F61F299F8B0200AB8C0B /* Frameworks */,
				96D0F620299F8B0200AB8C0B /* Resources */,
			);
			buildRules = (
			);
			dependencies = (
				96D0F624299F8B0200AB8C0B /* PBXTargetDependency */,
			);
			name = ExampleUITests;
			productName = ExampleUITests;
			productReference = 96D0F622299F8B0200AB8C0B /* ExampleUITests.xctest */;
			productType = "com.apple.product-type.bundle.ui-testing";
		};
/* End PBXNativeTarget section */

/* Begin PBXProject section */
		96D0F5FA299F8B0000AB8C0B /* Project object */ = {
			isa = PBXProject;
			attributes = {
				BuildIndependentTargetsInParallel = 1;
				LastSwiftUpdateCheck = 1420;
				LastUpgradeCheck = 1420;
				TargetAttributes = {
					96D0F601299F8B0000AB8C0B = {
						CreatedOnToolsVersion = 14.2;
						LastSwiftMigration = 1420;
					};
					96D0F617299F8B0200AB8C0B = {
						CreatedOnToolsVersion = 14.2;
						TestTargetID = 96D0F601299F8B0000AB8C0B;
					};
					96D0F621299F8B0200AB8C0B = {
						CreatedOnToolsVersion = 14.2;
						TestTargetID = 96D0F601299F8B0000AB8C0B;
					};
				};
			};
			buildConfigurationList = 96D0F5FD299F8B0000AB8C0B /* Build configuration list for PBXProject "Example" */;
			compatibilityVersion = "Xcode 14.0";
			developmentRegion = en;
			hasScannedForEncodings = 0;
			knownRegions = (
				en,
				Base,
			);
			mainGroup = 96D0F5F9299F8B0000AB8C0B;
			productRefGroup = 96D0F603299F8B0000AB8C0B /* Products */;
			projectDirPath = "";
			projectRoot = "";
			targets = (
				96D0F601299F8B0000AB8C0B /* Example */,
				96D0F617299F8B0200AB8C0B /* ExampleTests */,
				96D0F621299F8B0200AB8C0B /* ExampleUITests */,
			);
		};
/* End PBXProject section */

/* Begin PBXResourcesBuildPhase section */
		96D0F600299F8B0000AB8C0B /* Resources */ = {
			isa = PBXResourcesBuildPhase;
			buildActionMask = 2147483647;
			files = (
				96D0F612299F8B0200AB8C0B /* LaunchScreen.storyboard in Resources */,
				96D0F60F299F8B0200AB8C0B /* Assets.xcassets in Resources */,
				96D0F60D299F8B0000AB8C0B /* Main.storyboard in Resources */,
			);
			runOnlyForDeploymentPostprocessing = 0;
		};
		96D0F616299F8B0200AB8C0B /* Resources */ = {
			isa = PBXResourcesBuildPhase;
			buildActionMask = 2147483647;
			files = (
			);
			runOnlyForDeploymentPostprocessing = 0;
		};
		96D0F620299F8B0200AB8C0B /* Resources */ = {
			isa = PBXResourcesBuildPhase;
			buildActionMask = 2147483647;
			files = (
			);
			runOnlyForDeploymentPostprocessing = 0;
		};
/* End PBXResourcesBuildPhase section */

/* Begin PBXSourcesBuildPhase section */
		96D0F5FE299F8B0000AB8C0B /* Sources */ = {
			isa = PBXSourcesBuildPhase;
			buildActionMask = 2147483647;
			files = (
				96D0F658299F8C1700AB8C0B /* CollectionViewCellWithImage.swift in Sources */,
				96D0F654299F8C1700AB8C0B /* ScreenWideImageViewController.swift in Sources */,
				96D0F651299F8C1700AB8C0B /* AppDelegate.swift in Sources */,
				96D0F657299F8C1700AB8C0B /* UIView.Contentmode+CustomStringConvertible.swift in Sources */,
				96D0F65B299F8C1700AB8C0B /* SingleImageTextureViewController.swift in Sources */,
				96D0F652299F8C1700AB8C0B /* ChangingActionsViewController.swift in Sources */,
				96D0F64B299F8C1600AB8C0B /* StackViewImagesViewController.swift in Sources */,
				96D0F650299F8C1700AB8C0B /* ASImageNode+Zoomable.swift in Sources */,
				96D0F64D299F8C1600AB8C0B /* UIImage+aspectSizeWithWidth.swift in Sources */,
				96D0F64E299F8C1600AB8C0B /* Images.swift in Sources */,
				96D0F64A299F8C1600AB8C0B /* SquaredImagesCollectionViewController.swift in Sources */,
				96D0F656299F8C1700AB8C0B /* MosaicCollectionViewLayout.swift in Sources */,
				96D0F65C299F8C1700AB8C0B /* NavigationController.swift in Sources */,
				96D0F64C299F8C1600AB8C0B /* ImageCellNode.swift in Sources */,
				96D0F65A299F8C1700AB8C0B /* ExamplesViewController.swift in Sources */,
				96D0F653299F8C1700AB8C0B /* ImageCollectionTextureViewController.swift in Sources */,
				96D0F65D299F8C1700AB8C0B /* FloatingActionButtonViewController.swift in Sources */,
				96D0F659299F8C1700AB8C0B /* UIImageView+addImageAspectRatioContraint.swift in Sources */,
				96D0F655299F8C1700AB8C0B /* NonCenteredImagesViewController.swift in Sources */,
				96D0F64F299F8C1700AB8C0B /* InstaZoomViewController.swift in Sources */,
			);
			runOnlyForDeploymentPostprocessing = 0;
		};
		96D0F614299F8B0200AB8C0B /* Sources */ = {
			isa = PBXSourcesBuildPhase;
			buildActionMask = 2147483647;
			files = (
				96D0F61D299F8B0200AB8C0B /* ExampleTests.swift in Sources */,
			);
			runOnlyForDeploymentPostprocessing = 0;
		};
		96D0F61E299F8B0200AB8C0B /* Sources */ = {
			isa = PBXSourcesBuildPhase;
			buildActionMask = 2147483647;
			files = (
				96D0F627299F8B0200AB8C0B /* ExampleUITests.swift in Sources */,
				96D0F629299F8B0200AB8C0B /* ExampleUITestsLaunchTests.swift in Sources */,
			);
			runOnlyForDeploymentPostprocessing = 0;
		};
/* End PBXSourcesBuildPhase section */

/* Begin PBXTargetDependency section */
		96D0F61A299F8B0200AB8C0B /* PBXTargetDependency */ = {
			isa = PBXTargetDependency;
			target = 96D0F601299F8B0000AB8C0B /* Example */;
			targetProxy = 96D0F619299F8B0200AB8C0B /* PBXContainerItemProxy */;
		};
		96D0F624299F8B0200AB8C0B /* PBXTargetDependency */ = {
			isa = PBXTargetDependency;
			target = 96D0F601299F8B0000AB8C0B /* Example */;
			targetProxy = 96D0F623299F8B0200AB8C0B /* PBXContainerItemProxy */;
		};
/* End PBXTargetDependency section */

/* Begin PBXVariantGroup section */
		96D0F60B299F8B0000AB8C0B /* Main.storyboard */ = {
			isa = PBXVariantGroup;
			children = (
				96D0F60C299F8B0000AB8C0B /* Base */,
			);
			name = Main.storyboard;
			sourceTree = "<group>";
		};
		96D0F610299F8B0200AB8C0B /* LaunchScreen.storyboard */ = {
			isa = PBXVariantGroup;
			children = (
				96D0F611299F8B0200AB8C0B /* Base */,
			);
			name = LaunchScreen.storyboard;
			sourceTree = "<group>";
		};
/* End PBXVariantGroup section */

/* Begin XCBuildConfiguration section */
		96D0F62A299F8B0200AB8C0B /* Debug */ = {
			isa = XCBuildConfiguration;
			buildSettings = {
				ALWAYS_SEARCH_USER_PATHS = NO;
				CLANG_ANALYZER_NONNULL = YES;
				CLANG_ANALYZER_NUMBER_OBJECT_CONVERSION = YES_AGGRESSIVE;
				CLANG_CXX_LANGUAGE_STANDARD = "gnu++20";
				CLANG_ENABLE_MODULES = YES;
				CLANG_ENABLE_OBJC_ARC = YES;
				CLANG_ENABLE_OBJC_WEAK = YES;
				CLANG_WARN_BLOCK_CAPTURE_AUTORELEASING = YES;
				CLANG_WARN_BOOL_CONVERSION = YES;
				CLANG_WARN_COMMA = YES;
				CLANG_WARN_CONSTANT_CONVERSION = YES;
				CLANG_WARN_DEPRECATED_OBJC_IMPLEMENTATIONS = YES;
				CLANG_WARN_DIRECT_OBJC_ISA_USAGE = YES_ERROR;
				CLANG_WARN_DOCUMENTATION_COMMENTS = YES;
				CLANG_WARN_EMPTY_BODY = YES;
				CLANG_WARN_ENUM_CONVERSION = YES;
				CLANG_WARN_INFINITE_RECURSION = YES;
				CLANG_WARN_INT_CONVERSION = YES;
				CLANG_WARN_NON_LITERAL_NULL_CONVERSION = YES;
				CLANG_WARN_OBJC_IMPLICIT_RETAIN_SELF = YES;
				CLANG_WARN_OBJC_LITERAL_CONVERSION = YES;
				CLANG_WARN_OBJC_ROOT_CLASS = YES_ERROR;
				CLANG_WARN_QUOTED_INCLUDE_IN_FRAMEWORK_HEADER = YES;
				CLANG_WARN_RANGE_LOOP_ANALYSIS = YES;
				CLANG_WARN_STRICT_PROTOTYPES = YES;
				CLANG_WARN_SUSPICIOUS_MOVE = YES;
				CLANG_WARN_UNGUARDED_AVAILABILITY = YES_AGGRESSIVE;
				CLANG_WARN_UNREACHABLE_CODE = YES;
				CLANG_WARN__DUPLICATE_METHOD_MATCH = YES;
				COPY_PHASE_STRIP = NO;
				DEBUG_INFORMATION_FORMAT = dwarf;
				ENABLE_STRICT_OBJC_MSGSEND = YES;
				ENABLE_TESTABILITY = YES;
				GCC_C_LANGUAGE_STANDARD = gnu11;
				GCC_DYNAMIC_NO_PIC = NO;
				GCC_NO_COMMON_BLOCKS = YES;
				GCC_OPTIMIZATION_LEVEL = 0;
				GCC_PREPROCESSOR_DEFINITIONS = (
					"DEBUG=1",
					"$(inherited)",
				);
				GCC_WARN_64_TO_32_BIT_CONVERSION = YES;
				GCC_WARN_ABOUT_RETURN_TYPE = YES_ERROR;
				GCC_WARN_UNDECLARED_SELECTOR = YES;
				GCC_WARN_UNINITIALIZED_AUTOS = YES_AGGRESSIVE;
				GCC_WARN_UNUSED_FUNCTION = YES;
				GCC_WARN_UNUSED_VARIABLE = YES;
				IPHONEOS_DEPLOYMENT_TARGET = 16.2;
				MTL_ENABLE_DEBUG_INFO = INCLUDE_SOURCE;
				MTL_FAST_MATH = YES;
				ONLY_ACTIVE_ARCH = YES;
				SDKROOT = iphoneos;
				SWIFT_ACTIVE_COMPILATION_CONDITIONS = DEBUG;
				SWIFT_OPTIMIZATION_LEVEL = "-Onone";
			};
			name = Debug;
		};
		96D0F62B299F8B0200AB8C0B /* Release */ = {
			isa = XCBuildConfiguration;
			buildSettings = {
				ALWAYS_SEARCH_USER_PATHS = NO;
				CLANG_ANALYZER_NONNULL = YES;
				CLANG_ANALYZER_NUMBER_OBJECT_CONVERSION = YES_AGGRESSIVE;
				CLANG_CXX_LANGUAGE_STANDARD = "gnu++20";
				CLANG_ENABLE_MODULES = YES;
				CLANG_ENABLE_OBJC_ARC = YES;
				CLANG_ENABLE_OBJC_WEAK = YES;
				CLANG_WARN_BLOCK_CAPTURE_AUTORELEASING = YES;
				CLANG_WARN_BOOL_CONVERSION = YES;
				CLANG_WARN_COMMA = YES;
				CLANG_WARN_CONSTANT_CONVERSION = YES;
				CLANG_WARN_DEPRECATED_OBJC_IMPLEMENTATIONS = YES;
				CLANG_WARN_DIRECT_OBJC_ISA_USAGE = YES_ERROR;
				CLANG_WARN_DOCUMENTATION_COMMENTS = YES;
				CLANG_WARN_EMPTY_BODY = YES;
				CLANG_WARN_ENUM_CONVERSION = YES;
				CLANG_WARN_INFINITE_RECURSION = YES;
				CLANG_WARN_INT_CONVERSION = YES;
				CLANG_WARN_NON_LITERAL_NULL_CONVERSION = YES;
				CLANG_WARN_OBJC_IMPLICIT_RETAIN_SELF = YES;
				CLANG_WARN_OBJC_LITERAL_CONVERSION = YES;
				CLANG_WARN_OBJC_ROOT_CLASS = YES_ERROR;
				CLANG_WARN_QUOTED_INCLUDE_IN_FRAMEWORK_HEADER = YES;
				CLANG_WARN_RANGE_LOOP_ANALYSIS = YES;
				CLANG_WARN_STRICT_PROTOTYPES = YES;
				CLANG_WARN_SUSPICIOUS_MOVE = YES;
				CLANG_WARN_UNGUARDED_AVAILABILITY = YES_AGGRESSIVE;
				CLANG_WARN_UNREACHABLE_CODE = YES;
				CLANG_WARN__DUPLICATE_METHOD_MATCH = YES;
				COPY_PHASE_STRIP = NO;
				DEBUG_INFORMATION_FORMAT = "dwarf-with-dsym";
				ENABLE_NS_ASSERTIONS = NO;
				ENABLE_STRICT_OBJC_MSGSEND = YES;
				GCC_C_LANGUAGE_STANDARD = gnu11;
				GCC_NO_COMMON_BLOCKS = YES;
				GCC_WARN_64_TO_32_BIT_CONVERSION = YES;
				GCC_WARN_ABOUT_RETURN_TYPE = YES_ERROR;
				GCC_WARN_UNDECLARED_SELECTOR = YES;
				GCC_WARN_UNINITIALIZED_AUTOS = YES_AGGRESSIVE;
				GCC_WARN_UNUSED_FUNCTION = YES;
				GCC_WARN_UNUSED_VARIABLE = YES;
				IPHONEOS_DEPLOYMENT_TARGET = 16.2;
				MTL_ENABLE_DEBUG_INFO = NO;
				MTL_FAST_MATH = YES;
				SDKROOT = iphoneos;
				SWIFT_COMPILATION_MODE = wholemodule;
				SWIFT_OPTIMIZATION_LEVEL = "-O";
				VALIDATE_PRODUCT = YES;
			};
			name = Release;
		};
		96D0F62D299F8B0200AB8C0B /* Debug */ = {
			isa = XCBuildConfiguration;
			buildSettings = {
				ASSETCATALOG_COMPILER_APPICON_NAME = AppIcon;
				ASSETCATALOG_COMPILER_GLOBAL_ACCENT_COLOR_NAME = AccentColor;
				CLANG_ENABLE_MODULES = YES;
				CODE_SIGN_STYLE = Automatic;
				CURRENT_PROJECT_VERSION = 1;
				GENERATE_INFOPLIST_FILE = YES;
				INFOPLIST_FILE = Example/Info.plist;
				INFOPLIST_KEY_UIApplicationSupportsIndirectInputEvents = YES;
				INFOPLIST_KEY_UILaunchStoryboardName = LaunchScreen;
				INFOPLIST_KEY_UIMainStoryboardFile = Main;
				INFOPLIST_KEY_UISupportedInterfaceOrientations_iPad = "UIInterfaceOrientationPortrait UIInterfaceOrientationPortraitUpsideDown UIInterfaceOrientationLandscapeLeft UIInterfaceOrientationLandscapeRight";
				INFOPLIST_KEY_UISupportedInterfaceOrientations_iPhone = "UIInterfaceOrientationPortrait UIInterfaceOrientationLandscapeLeft UIInterfaceOrientationLandscapeRight";
				LD_RUNPATH_SEARCH_PATHS = (
					"$(inherited)",
					"@executable_path/Frameworks",
				);
				MARKETING_VERSION = 1.0;
				PRODUCT_BUNDLE_IDENTIFIER = gitlvnkmngit.Example;
				PRODUCT_NAME = "$(TARGET_NAME)";
				SWIFT_EMIT_LOC_STRINGS = YES;
				SWIFT_OBJC_BRIDGING_HEADER = "Example/Example-Bridging-Header.h";
				SWIFT_OPTIMIZATION_LEVEL = "-Onone";
				SWIFT_VERSION = 5.0;
				TARGETED_DEVICE_FAMILY = "1,2";
			};
			name = Debug;
		};
		96D0F62E299F8B0200AB8C0B /* Release */ = {
			isa = XCBuildConfiguration;
			buildSettings = {
				ASSETCATALOG_COMPILER_APPICON_NAME = AppIcon;
				ASSETCATALOG_COMPILER_GLOBAL_ACCENT_COLOR_NAME = AccentColor;
				CLANG_ENABLE_MODULES = YES;
				CODE_SIGN_STYLE = Automatic;
				CURRENT_PROJECT_VERSION = 1;
				GENERATE_INFOPLIST_FILE = YES;
				INFOPLIST_FILE = Example/Info.plist;
				INFOPLIST_KEY_UIApplicationSupportsIndirectInputEvents = YES;
				INFOPLIST_KEY_UILaunchStoryboardName = LaunchScreen;
				INFOPLIST_KEY_UIMainStoryboardFile = Main;
				INFOPLIST_KEY_UISupportedInterfaceOrientations_iPad = "UIInterfaceOrientationPortrait UIInterfaceOrientationPortraitUpsideDown UIInterfaceOrientationLandscapeLeft UIInterfaceOrientationLandscapeRight";
				INFOPLIST_KEY_UISupportedInterfaceOrientations_iPhone = "UIInterfaceOrientationPortrait UIInterfaceOrientationLandscapeLeft UIInterfaceOrientationLandscapeRight";
				LD_RUNPATH_SEARCH_PATHS = (
					"$(inherited)",
					"@executable_path/Frameworks",
				);
				MARKETING_VERSION = 1.0;
				PRODUCT_BUNDLE_IDENTIFIER = gitlvnkmngit.Example;
				PRODUCT_NAME = "$(TARGET_NAME)";
				SWIFT_EMIT_LOC_STRINGS = YES;
				SWIFT_OBJC_BRIDGING_HEADER = "Example/Example-Bridging-Header.h";
				SWIFT_VERSION = 5.0;
				TARGETED_DEVICE_FAMILY = "1,2";
			};
			name = Release;
		};
		96D0F630299F8B0200AB8C0B /* Debug */ = {
			isa = XCBuildConfiguration;
			buildSettings = {
				ALWAYS_EMBED_SWIFT_STANDARD_LIBRARIES = YES;
				BUNDLE_LOADER = "$(TEST_HOST)";
				CODE_SIGN_STYLE = Automatic;
				CURRENT_PROJECT_VERSION = 1;
				GENERATE_INFOPLIST_FILE = YES;
				IPHONEOS_DEPLOYMENT_TARGET = 16.2;
				MARKETING_VERSION = 1.0;
				PRODUCT_BUNDLE_IDENTIFIER = gitlvnkmngit.ExampleTests;
				PRODUCT_NAME = "$(TARGET_NAME)";
				SWIFT_EMIT_LOC_STRINGS = NO;
				SWIFT_VERSION = 5.0;
				TARGETED_DEVICE_FAMILY = "1,2";
				TEST_HOST = "$(BUILT_PRODUCTS_DIR)/Example.app/$(BUNDLE_EXECUTABLE_FOLDER_PATH)/Example";
			};
			name = Debug;
		};
		96D0F631299F8B0200AB8C0B /* Release */ = {
			isa = XCBuildConfiguration;
			buildSettings = {
				ALWAYS_EMBED_SWIFT_STANDARD_LIBRARIES = YES;
				BUNDLE_LOADER = "$(TEST_HOST)";
				CODE_SIGN_STYLE = Automatic;
				CURRENT_PROJECT_VERSION = 1;
				GENERATE_INFOPLIST_FILE = YES;
				IPHONEOS_DEPLOYMENT_TARGET = 16.2;
				MARKETING_VERSION = 1.0;
				PRODUCT_BUNDLE_IDENTIFIER = gitlvnkmngit.ExampleTests;
				PRODUCT_NAME = "$(TARGET_NAME)";
				SWIFT_EMIT_LOC_STRINGS = NO;
				SWIFT_VERSION = 5.0;
				TARGETED_DEVICE_FAMILY = "1,2";
				TEST_HOST = "$(BUILT_PRODUCTS_DIR)/Example.app/$(BUNDLE_EXECUTABLE_FOLDER_PATH)/Example";
			};
			name = Release;
		};
		96D0F633299F8B0200AB8C0B /* Debug */ = {
			isa = XCBuildConfiguration;
			buildSettings = {
				ALWAYS_EMBED_SWIFT_STANDARD_LIBRARIES = YES;
				CODE_SIGN_STYLE = Automatic;
				CURRENT_PROJECT_VERSION = 1;
				GENERATE_INFOPLIST_FILE = YES;
				MARKETING_VERSION = 1.0;
				PRODUCT_BUNDLE_IDENTIFIER = gitlvnkmngit.ExampleUITests;
				PRODUCT_NAME = "$(TARGET_NAME)";
				SWIFT_EMIT_LOC_STRINGS = NO;
				SWIFT_VERSION = 5.0;
				TARGETED_DEVICE_FAMILY = "1,2";
				TEST_TARGET_NAME = Example;
			};
			name = Debug;
		};
		96D0F634299F8B0200AB8C0B /* Release */ = {
			isa = XCBuildConfiguration;
			buildSettings = {
				ALWAYS_EMBED_SWIFT_STANDARD_LIBRARIES = YES;
				CODE_SIGN_STYLE = Automatic;
				CURRENT_PROJECT_VERSION = 1;
				GENERATE_INFOPLIST_FILE = YES;
				MARKETING_VERSION = 1.0;
				PRODUCT_BUNDLE_IDENTIFIER = gitlvnkmngit.ExampleUITests;
				PRODUCT_NAME = "$(TARGET_NAME)";
				SWIFT_EMIT_LOC_STRINGS = NO;
				SWIFT_VERSION = 5.0;
				TARGETED_DEVICE_FAMILY = "1,2";
				TEST_TARGET_NAME = Example;
			};
			name = Release;
		};
/* End XCBuildConfiguration section */

/* Begin XCConfigurationList section */
		96D0F5FD299F8B0000AB8C0B /* Build configuration list for PBXProject "Example" */ = {
			isa = XCConfigurationList;
			buildConfigurations = (
				96D0F62A299F8B0200AB8C0B /* Debug */,
				96D0F62B299F8B0200AB8C0B /* Release */,
			);
			defaultConfigurationIsVisible = 0;
			defaultConfigurationName = Release;
		};
		96D0F62C299F8B0200AB8C0B /* Build configuration list for PBXNativeTarget "Example" */ = {
			isa = XCConfigurationList;
			buildConfigurations = (
				96D0F62D299F8B0200AB8C0B /* Debug */,
				96D0F62E299F8B0200AB8C0B /* Release */,
			);
			defaultConfigurationIsVisible = 0;
			defaultConfigurationName = Release;
		};
		96D0F62F299F8B0200AB8C0B /* Build configuration list for PBXNativeTarget "ExampleTests" */ = {
			isa = XCConfigurationList;
			buildConfigurations = (
				96D0F630299F8B0200AB8C0B /* Debug */,
				96D0F631299F8B0200AB8C0B /* Release */,
			);
			defaultConfigurationIsVisible = 0;
			defaultConfigurationName = Release;
		};
		96D0F632299F8B0200AB8C0B /* Build configuration list for PBXNativeTarget "ExampleUITests" */ = {
			isa = XCConfigurationList;
			buildConfigurations = (
				96D0F633299F8B0200AB8C0B /* Debug */,
				96D0F634299F8B0200AB8C0B /* Release */,
			);
			defaultConfigurationIsVisible = 0;
			defaultConfigurationName = Release;
		};
/* End XCConfigurationList section */
	};
	rootObject = 96D0F5FA299F8B0000AB8C0B /* Project object */;
}
