// !$*UTF8*$!
{
	archiveVersion = 1;
	classes = {
	};
	objectVersion = 46;
	objects = {

/* Begin PBXBuildFile section */
		607FACD61AFB9204008FA782 /* AppDelegate.swift in Sources */ = {isa = PBXBuildFile; fileRef = 607FACD51AFB9204008FA782 /* AppDelegate.swift */; };
		607FACD81AFB9204008FA782 /* ScreenWideImageViewController.swift in Sources */ = {isa = PBXBuildFile; fileRef = 607FACD71AFB9204008FA782 /* ScreenWideImageViewController.swift */; };
		607FACDB1AFB9204008FA782 /* Main.storyboard in Resources */ = {isa = PBXBuildFile; fileRef = 607FACD91AFB9204008FA782 /* Main.storyboard */; };
		607FACDD1AFB9204008FA782 /* Images.xcassets in Resources */ = {isa = PBXBuildFile; fileRef = 607FACDC1AFB9204008FA782 /* Images.xcassets */; };
		607FACE01AFB9204008FA782 /* LaunchScreen.xib in Resources */ = {isa = PBXBuildFile; fileRef = 607FACDE1AFB9204008FA782 /* LaunchScreen.xib */; };
		607FACEC1AFB9204008FA782 /* ViewControllerTests.swift in Sources */ = {isa = PBXBuildFile; fileRef = 607FACEB1AFB9204008FA782 /* ViewControllerTests.swift */; };
		620F350522F067B800931A39 /* UIView.Contentmode+CustomStringConvertible.swift in Sources */ = {isa = PBXBuildFile; fileRef = 620F350422F067B800931A39 /* UIView.Contentmode+CustomStringConvertible.swift */; };
		625484F622D79DF6001F0013 /* CollectionViewCellWithImage.swift in Sources */ = {isa = PBXBuildFile; fileRef = 625484F522D79DF6001F0013 /* CollectionViewCellWithImage.swift */; };
		625484FA22D7A2B7001F0013 /* SquaredImagesCollectionViewController.swift in Sources */ = {isa = PBXBuildFile; fileRef = 625484F922D7A2B7001F0013 /* SquaredImagesCollectionViewController.swift */; };
		6702F3EC3CADC618755031E7 /* Pods_Zoomy_Tests.framework in Frameworks */ = {isa = PBXBuildFile; fileRef = FC9006DCB78AA14572DB1591 /* Pods_Zoomy_Tests.framework */; };
		DE0774C120836A3700BE3D04 /* UIImageView+addImageAspectRatioContraint.swift in Sources */ = {isa = PBXBuildFile; fileRef = DE0774C020836A3700BE3D04 /* UIImageView+addImageAspectRatioContraint.swift */; };
		DE0774C520837D4900BE3D04 /* NonCenteredImagesViewController.swift in Sources */ = {isa = PBXBuildFile; fileRef = DE0774C420837D4900BE3D04 /* NonCenteredImagesViewController.swift */; };
		DE0774CB2084B74100BE3D04 /* MockViewController.swift in Sources */ = {isa = PBXBuildFile; fileRef = DE0774C62084B66A00BE3D04 /* MockViewController.swift */; };
		DE0774CC2084B74500BE3D04 /* MockViewControllerThatIsZoomDelegate.swift in Sources */ = {isa = PBXBuildFile; fileRef = DE0774C92084B6D100BE3D04 /* MockViewControllerThatIsZoomDelegate.swift */; };
		DE0774CF2084BA7700BE3D04 /* FakeZoomDelegate.swift in Sources */ = {isa = PBXBuildFile; fileRef = DE0774CD2084BA4800BE3D04 /* FakeZoomDelegate.swift */; };
		DE1B49672090C0230052E648 /* ChangingActionsViewController.swift in Sources */ = {isa = PBXBuildFile; fileRef = DE1B49662090C0230052E648 /* ChangingActionsViewController.swift */; };
		DE1F4D122084E66B0027C954 /* NavigationController.swift in Sources */ = {isa = PBXBuildFile; fileRef = DE1F4D112084E66B0027C954 /* NavigationController.swift */; };
		DE2B72C520A34E1D00344675 /* loggerTests.swift in Sources */ = {isa = PBXBuildFile; fileRef = DE2B72C420A34E1D00344675 /* loggerTests.swift */; };
		DE2B72C920A471C100344675 /* InstaZoomViewController.swift in Sources */ = {isa = PBXBuildFile; fileRef = DE2B72C820A471C100344675 /* InstaZoomViewController.swift */; };
		DE2F57F7208F84300009A33D /* BounceOffsetsTests.swift in Sources */ = {isa = PBXBuildFile; fileRef = DE2F57F6208F84300009A33D /* BounceOffsetsTests.swift */; };
		DE2F57F9208F84360009A33D /* CGPointTests.swift in Sources */ = {isa = PBXBuildFile; fileRef = DE2F57F8208F84360009A33D /* CGPointTests.swift */; };
		DE2FB83F20BC47AE00E130BD /* FloatingActionButtonViewController.swift in Sources */ = {isa = PBXBuildFile; fileRef = DE2FB83E20BC47AE00E130BD /* FloatingActionButtonViewController.swift */; };
		DE99B38D2083603900D141DE /* Images.swift in Sources */ = {isa = PBXBuildFile; fileRef = DE99B38C2083603900D141DE /* Images.swift */; };
		DE9C32F820AB409F00827664 /* Fastfile in Resources */ = {isa = PBXBuildFile; fileRef = DE9C32F720AB409F00827664 /* Fastfile */; };
		DE9C331020AB751A00827664 /* Zoomy_ExampleUITests.swift in Sources */ = {isa = PBXBuildFile; fileRef = DE9C330F20AB751A00827664 /* Zoomy_ExampleUITests.swift */; };
		DE9C47422097097500BF7420 /* DefaultAnimationsTests.swift in Sources */ = {isa = PBXBuildFile; fileRef = DE9C47412097097500BF7420 /* DefaultAnimationsTests.swift */; };
		DE9C474520970A4800BF7420 /* FakeAnimator.swift in Sources */ = {isa = PBXBuildFile; fileRef = DE9C4743209709EE00BF7420 /* FakeAnimator.swift */; };
		DECB2ACD2084C610006ED8CE /* AssertionMessages.swift in Sources */ = {isa = PBXBuildFile; fileRef = DECB2ACB2084C603006ED8CE /* AssertionMessages.swift */; };
		DECB2ACF2084C63C006ED8CE /* ViewControllerThatIsZoomDelegateTests.swift in Sources */ = {isa = PBXBuildFile; fileRef = DECB2ACE2084C63C006ED8CE /* ViewControllerThatIsZoomDelegateTests.swift */; };
		DECCAA472080C6B300B89C12 /* StackViewImagesViewController.swift in Sources */ = {isa = PBXBuildFile; fileRef = DECCAA462080C6B300B89C12 /* StackViewImagesViewController.swift */; };
		DECCAA4B2080CF1E00B89C12 /* ExamplesViewController.swift in Sources */ = {isa = PBXBuildFile; fileRef = DECCAA4A2080CF1E00B89C12 /* ExamplesViewController.swift */; };
		DEED01F120970E730087DD46 /* ImageZoomControllerTests.swift in Sources */ = {isa = PBXBuildFile; fileRef = DEED01F020970E730087DD46 /* ImageZoomControllerTests.swift */; };
		DEED01F320970FEF0087DD46 /* StubZoomyDelegate.swift in Sources */ = {isa = PBXBuildFile; fileRef = DEED01F220970FEF0087DD46 /* StubZoomyDelegate.swift */; };
		E3004A7F87734087A3618C84 /* Pods_Zoomy_Example.framework in Frameworks */ = {isa = PBXBuildFile; fileRef = D981A167368A111793BC32FC /* Pods_Zoomy_Example.framework */; };
/* End PBXBuildFile section */

/* Begin PBXContainerItemProxy section */
		607FACE61AFB9204008FA782 /* PBXContainerItemProxy */ = {
			isa = PBXContainerItemProxy;
			containerPortal = 607FACC81AFB9204008FA782 /* Project object */;
			proxyType = 1;
			remoteGlobalIDString = 607FACCF1AFB9204008FA782;
			remoteInfo = Zoomy;
		};
		DE9C331220AB751A00827664 /* PBXContainerItemProxy */ = {
			isa = PBXContainerItemProxy;
			containerPortal = 607FACC81AFB9204008FA782 /* Project object */;
			proxyType = 1;
			remoteGlobalIDString = 607FACCF1AFB9204008FA782;
			remoteInfo = Zoomy_Example;
		};
/* End PBXContainerItemProxy section */

/* Begin PBXFileReference section */
		03AB2A65BF0838941B06335E /* Pods-Zoomy_Example.release.xcconfig */ = {isa = PBXFileReference; includeInIndex = 1; lastKnownFileType = text.xcconfig; name = "Pods-Zoomy_Example.release.xcconfig"; path = "Pods/Target Support Files/Pods-Zoomy_Example/Pods-Zoomy_Example.release.xcconfig"; sourceTree = "<group>"; };
		3ECD57FF3F656B4EE36698CA /* Zoomy.podspec */ = {isa = PBXFileReference; includeInIndex = 1; lastKnownFileType = text; name = Zoomy.podspec; path = ../Zoomy.podspec; sourceTree = "<group>"; xcLanguageSpecificationIdentifier = xcode.lang.ruby; };
		607FACD01AFB9204008FA782 /* Zoomy_Example.app */ = {isa = PBXFileReference; explicitFileType = wrapper.application; includeInIndex = 0; path = Zoomy_Example.app; sourceTree = BUILT_PRODUCTS_DIR; };
		607FACD41AFB9204008FA782 /* Info.plist */ = {isa = PBXFileReference; lastKnownFileType = text.plist.xml; path = Info.plist; sourceTree = "<group>"; };
		607FACD51AFB9204008FA782 /* AppDelegate.swift */ = {isa = PBXFileReference; lastKnownFileType = sourcecode.swift; path = AppDelegate.swift; sourceTree = "<group>"; };
		607FACD71AFB9204008FA782 /* ScreenWideImageViewController.swift */ = {isa = PBXFileReference; lastKnownFileType = sourcecode.swift; path = ScreenWideImageViewController.swift; sourceTree = "<group>"; };
		607FACDA1AFB9204008FA782 /* Base */ = {isa = PBXFileReference; lastKnownFileType = file.storyboard; name = Base; path = Base.lproj/Main.storyboard; sourceTree = "<group>"; };
		607FACDC1AFB9204008FA782 /* Images.xcassets */ = {isa = PBXFileReference; lastKnownFileType = folder.assetcatalog; path = Images.xcassets; sourceTree = "<group>"; };
		607FACDF1AFB9204008FA782 /* Base */ = {isa = PBXFileReference; lastKnownFileType = file.xib; name = Base; path = Base.lproj/LaunchScreen.xib; sourceTree = "<group>"; };
		607FACE51AFB9204008FA782 /* Zoomy_Tests.xctest */ = {isa = PBXFileReference; explicitFileType = wrapper.cfbundle; includeInIndex = 0; path = Zoomy_Tests.xctest; sourceTree = BUILT_PRODUCTS_DIR; };
		607FACEA1AFB9204008FA782 /* Info.plist */ = {isa = PBXFileReference; lastKnownFileType = text.plist.xml; path = Info.plist; sourceTree = "<group>"; };
		607FACEB1AFB9204008FA782 /* ViewControllerTests.swift */ = {isa = PBXFileReference; lastKnownFileType = sourcecode.swift; path = ViewControllerTests.swift; sourceTree = "<group>"; };
		620F350422F067B800931A39 /* UIView.Contentmode+CustomStringConvertible.swift */ = {isa = PBXFileReference; lastKnownFileType = sourcecode.swift; path = "UIView.Contentmode+CustomStringConvertible.swift"; sourceTree = "<group>"; };
		625484F522D79DF6001F0013 /* CollectionViewCellWithImage.swift */ = {isa = PBXFileReference; lastKnownFileType = sourcecode.swift; path = CollectionViewCellWithImage.swift; sourceTree = "<group>"; };
		625484F922D7A2B7001F0013 /* SquaredImagesCollectionViewController.swift */ = {isa = PBXFileReference; fileEncoding = 4; lastKnownFileType = sourcecode.swift; path = SquaredImagesCollectionViewController.swift; sourceTree = "<group>"; };
		6EBE13B570B856F523C61486 /* Pods-Zoomy_Tests.release.xcconfig */ = {isa = PBXFileReference; includeInIndex = 1; lastKnownFileType = text.xcconfig; name = "Pods-Zoomy_Tests.release.xcconfig"; path = "Pods/Target Support Files/Pods-Zoomy_Tests/Pods-Zoomy_Tests.release.xcconfig"; sourceTree = "<group>"; };
		A2589FB630C3EC483BF0C41C /* README.md */ = {isa = PBXFileReference; includeInIndex = 1; lastKnownFileType = net.daringfireball.markdown; name = README.md; path = ../README.md; sourceTree = "<group>"; };
		B8BCB570BE4806F737DBA255 /* LICENSE */ = {isa = PBXFileReference; includeInIndex = 1; lastKnownFileType = text; name = LICENSE; path = ../LICENSE; sourceTree = "<group>"; };
		C26A9668B695057665AAB154 /* Pods-Zoomy_Tests.debug.xcconfig */ = {isa = PBXFileReference; includeInIndex = 1; lastKnownFileType = text.xcconfig; name = "Pods-Zoomy_Tests.debug.xcconfig"; path = "Pods/Target Support Files/Pods-Zoomy_Tests/Pods-Zoomy_Tests.debug.xcconfig"; sourceTree = "<group>"; };
		D981A167368A111793BC32FC /* Pods_Zoomy_Example.framework */ = {isa = PBXFileReference; explicitFileType = wrapper.framework; includeInIndex = 0; path = Pods_Zoomy_Example.framework; sourceTree = BUILT_PRODUCTS_DIR; };
		DD115103ECCA1B48331A8AA4 /* Pods-Zoomy_Example.debug.xcconfig */ = {isa = PBXFileReference; includeInIndex = 1; lastKnownFileType = text.xcconfig; name = "Pods-Zoomy_Example.debug.xcconfig"; path = "Pods/Target Support Files/Pods-Zoomy_Example/Pods-Zoomy_Example.debug.xcconfig"; sourceTree = "<group>"; };
		DE0774C020836A3700BE3D04 /* UIImageView+addImageAspectRatioContraint.swift */ = {isa = PBXFileReference; lastKnownFileType = sourcecode.swift; path = "UIImageView+addImageAspectRatioContraint.swift"; sourceTree = "<group>"; };
		DE0774C420837D4900BE3D04 /* NonCenteredImagesViewController.swift */ = {isa = PBXFileReference; lastKnownFileType = sourcecode.swift; path = NonCenteredImagesViewController.swift; sourceTree = "<group>"; };
		DE0774C62084B66A00BE3D04 /* MockViewController.swift */ = {isa = PBXFileReference; lastKnownFileType = sourcecode.swift; path = MockViewController.swift; sourceTree = "<group>"; };
		DE0774C92084B6D100BE3D04 /* MockViewControllerThatIsZoomDelegate.swift */ = {isa = PBXFileReference; lastKnownFileType = sourcecode.swift; path = MockViewControllerThatIsZoomDelegate.swift; sourceTree = "<group>"; };
		DE0774CD2084BA4800BE3D04 /* FakeZoomDelegate.swift */ = {isa = PBXFileReference; lastKnownFileType = sourcecode.swift; path = FakeZoomDelegate.swift; sourceTree = "<group>"; };
		DE1B49662090C0230052E648 /* ChangingActionsViewController.swift */ = {isa = PBXFileReference; lastKnownFileType = sourcecode.swift; path = ChangingActionsViewController.swift; sourceTree = "<group>"; };
		DE1F4D112084E66B0027C954 /* NavigationController.swift */ = {isa = PBXFileReference; lastKnownFileType = sourcecode.swift; path = NavigationController.swift; sourceTree = "<group>"; };
		DE2B72C420A34E1D00344675 /* loggerTests.swift */ = {isa = PBXFileReference; lastKnownFileType = sourcecode.swift; path = loggerTests.swift; sourceTree = "<group>"; };
		DE2B72C820A471C100344675 /* InstaZoomViewController.swift */ = {isa = PBXFileReference; lastKnownFileType = sourcecode.swift; path = InstaZoomViewController.swift; sourceTree = "<group>"; };
		DE2F57F6208F84300009A33D /* BounceOffsetsTests.swift */ = {isa = PBXFileReference; fileEncoding = 4; lastKnownFileType = sourcecode.swift; path = BounceOffsetsTests.swift; sourceTree = "<group>"; };
		DE2F57F8208F84360009A33D /* CGPointTests.swift */ = {isa = PBXFileReference; lastKnownFileType = sourcecode.swift; path = CGPointTests.swift; sourceTree = "<group>"; };
		DE2FB83E20BC47AE00E130BD /* FloatingActionButtonViewController.swift */ = {isa = PBXFileReference; lastKnownFileType = sourcecode.swift; path = FloatingActionButtonViewController.swift; sourceTree = "<group>"; };
		DE99B38C2083603900D141DE /* Images.swift */ = {isa = PBXFileReference; lastKnownFileType = sourcecode.swift; path = Images.swift; sourceTree = "<group>"; };
		DE9C32F720AB409F00827664 /* Fastfile */ = {isa = PBXFileReference; fileEncoding = 4; lastKnownFileType = text; name = Fastfile; path = ../fastlane/Fastfile; sourceTree = "<group>"; };
		DE9C330D20AB751A00827664 /* Zoomy_ExampleUITests.xctest */ = {isa = PBXFileReference; explicitFileType = wrapper.cfbundle; includeInIndex = 0; path = Zoomy_ExampleUITests.xctest; sourceTree = BUILT_PRODUCTS_DIR; };
		DE9C330F20AB751A00827664 /* Zoomy_ExampleUITests.swift */ = {isa = PBXFileReference; lastKnownFileType = sourcecode.swift; path = Zoomy_ExampleUITests.swift; sourceTree = "<group>"; };
		DE9C331120AB751A00827664 /* Info.plist */ = {isa = PBXFileReference; lastKnownFileType = text.plist.xml; path = Info.plist; sourceTree = "<group>"; };
		DE9C47412097097500BF7420 /* DefaultAnimationsTests.swift */ = {isa = PBXFileReference; lastKnownFileType = sourcecode.swift; path = DefaultAnimationsTests.swift; sourceTree = "<group>"; };
		DE9C4743209709EE00BF7420 /* FakeAnimator.swift */ = {isa = PBXFileReference; lastKnownFileType = sourcecode.swift; path = FakeAnimator.swift; sourceTree = "<group>"; };
		DECB2ACB2084C603006ED8CE /* AssertionMessages.swift */ = {isa = PBXFileReference; lastKnownFileType = sourcecode.swift; path = AssertionMessages.swift; sourceTree = "<group>"; };
		DECB2ACE2084C63C006ED8CE /* ViewControllerThatIsZoomDelegateTests.swift */ = {isa = PBXFileReference; lastKnownFileType = sourcecode.swift; path = ViewControllerThatIsZoomDelegateTests.swift; sourceTree = "<group>"; };
		DECCAA462080C6B300B89C12 /* StackViewImagesViewController.swift */ = {isa = PBXFileReference; lastKnownFileType = sourcecode.swift; path = StackViewImagesViewController.swift; sourceTree = "<group>"; };
		DECCAA4A2080CF1E00B89C12 /* ExamplesViewController.swift */ = {isa = PBXFileReference; lastKnownFileType = sourcecode.swift; path = ExamplesViewController.swift; sourceTree = "<group>"; };
		DEED01F020970E730087DD46 /* ImageZoomControllerTests.swift */ = {isa = PBXFileReference; lastKnownFileType = sourcecode.swift; path = ImageZoomControllerTests.swift; sourceTree = "<group>"; };
		DEED01F220970FEF0087DD46 /* StubZoomyDelegate.swift */ = {isa = PBXFileReference; lastKnownFileType = sourcecode.swift; path = StubZoomyDelegate.swift; sourceTree = "<group>"; };
		FC9006DCB78AA14572DB1591 /* Pods_Zoomy_Tests.framework */ = {isa = PBXFileReference; explicitFileType = wrapper.framework; includeInIndex = 0; path = Pods_Zoomy_Tests.framework; sourceTree = BUILT_PRODUCTS_DIR; };
/* End PBXFileReference section */

/* Begin PBXFrameworksBuildPhase section */
		607FACCD1AFB9204008FA782 /* Frameworks */ = {
			isa = PBXFrameworksBuildPhase;
			buildActionMask = 2147483647;
			files = (
				E3004A7F87734087A3618C84 /* Pods_Zoomy_Example.framework in Frameworks */,
			);
			runOnlyForDeploymentPostprocessing = 0;
		};
		607FACE21AFB9204008FA782 /* Frameworks */ = {
			isa = PBXFrameworksBuildPhase;
			buildActionMask = 2147483647;
			files = (
				6702F3EC3CADC618755031E7 /* Pods_Zoomy_Tests.framework in Frameworks */,
			);
			runOnlyForDeploymentPostprocessing = 0;
		};
		DE9C330A20AB751A00827664 /* Frameworks */ = {
			isa = PBXFrameworksBuildPhase;
			buildActionMask = 2147483647;
			files = (
			);
			runOnlyForDeploymentPostprocessing = 0;
		};
/* End PBXFrameworksBuildPhase section */

/* Begin PBXGroup section */
		40BF61DCEA6CD71641D49FFF /* Frameworks */ = {
			isa = PBXGroup;
			children = (
				D981A167368A111793BC32FC /* Pods_Zoomy_Example.framework */,
				FC9006DCB78AA14572DB1591 /* Pods_Zoomy_Tests.framework */,
			);
			name = Frameworks;
			sourceTree = "<group>";
		};
		607FACC71AFB9204008FA782 = {
			isa = PBXGroup;
			children = (
				607FACF51AFB993E008FA782 /* Podspec Metadata */,
				607FACD21AFB9204008FA782 /* Example for Zoomy */,
				607FACE81AFB9204008FA782 /* Tests */,
				DE9C330E20AB751A00827664 /* Zoomy_ExampleUITests */,
				607FACD11AFB9204008FA782 /* Products */,
				9DB01260EEAD2233D9E6D72D /* Pods */,
				40BF61DCEA6CD71641D49FFF /* Frameworks */,
			);
			sourceTree = "<group>";
		};
		607FACD11AFB9204008FA782 /* Products */ = {
			isa = PBXGroup;
			children = (
				607FACD01AFB9204008FA782 /* Zoomy_Example.app */,
				607FACE51AFB9204008FA782 /* Zoomy_Tests.xctest */,
				DE9C330D20AB751A00827664 /* Zoomy_ExampleUITests.xctest */,
			);
			name = Products;
			sourceTree = "<group>";
		};
		607FACD21AFB9204008FA782 /* Example for Zoomy */ = {
			isa = PBXGroup;
			children = (
				607FACD51AFB9204008FA782 /* AppDelegate.swift */,
				DECCAA432080C62400B89C12 /* Views */,
				DE30706E2080C58D00D043C6 /* ViewControllers */,
				DE0774BF20836A1C00BE3D04 /* Extensions */,
				DE30706F2080C5C900D043C6 /* Resources */,
				607FACD31AFB9204008FA782 /* Supporting Files */,
			);
			name = "Example for Zoomy";
			path = Zoomy;
			sourceTree = "<group>";
		};
		607FACD31AFB9204008FA782 /* Supporting Files */ = {
			isa = PBXGroup;
			children = (
				607FACD41AFB9204008FA782 /* Info.plist */,
			);
			name = "Supporting Files";
			sourceTree = "<group>";
		};
		607FACE81AFB9204008FA782 /* Tests */ = {
			isa = PBXGroup;
			children = (
				607FACEB1AFB9204008FA782 /* ViewControllerTests.swift */,
				DE2B72C420A34E1D00344675 /* loggerTests.swift */,
				DE9C47412097097500BF7420 /* DefaultAnimationsTests.swift */,
				DEED01F020970E730087DD46 /* ImageZoomControllerTests.swift */,
				DE2F57F6208F84300009A33D /* BounceOffsetsTests.swift */,
				DE2F57F8208F84360009A33D /* CGPointTests.swift */,
				DECB2ACE2084C63C006ED8CE /* ViewControllerThatIsZoomDelegateTests.swift */,
				DECB2ACB2084C603006ED8CE /* AssertionMessages.swift */,
				DE0774C82084B6A300BE3D04 /* Fakes */,
				607FACE91AFB9204008FA782 /* Supporting Files */,
			);
			path = Tests;
			sourceTree = "<group>";
		};
		607FACE91AFB9204008FA782 /* Supporting Files */ = {
			isa = PBXGroup;
			children = (
				607FACEA1AFB9204008FA782 /* Info.plist */,
			);
			name = "Supporting Files";
			sourceTree = "<group>";
		};
		607FACF51AFB993E008FA782 /* Podspec Metadata */ = {
			isa = PBXGroup;
			children = (
				3ECD57FF3F656B4EE36698CA /* Zoomy.podspec */,
				DE9C32F720AB409F00827664 /* Fastfile */,
				A2589FB630C3EC483BF0C41C /* README.md */,
				B8BCB570BE4806F737DBA255 /* LICENSE */,
			);
			name = "Podspec Metadata";
			sourceTree = "<group>";
		};
		9DB01260EEAD2233D9E6D72D /* Pods */ = {
			isa = PBXGroup;
			children = (
				DD115103ECCA1B48331A8AA4 /* Pods-Zoomy_Example.debug.xcconfig */,
				03AB2A65BF0838941B06335E /* Pods-Zoomy_Example.release.xcconfig */,
				C26A9668B695057665AAB154 /* Pods-Zoomy_Tests.debug.xcconfig */,
				6EBE13B570B856F523C61486 /* Pods-Zoomy_Tests.release.xcconfig */,
			);
			name = Pods;
			sourceTree = "<group>";
		};
		DE0774BF20836A1C00BE3D04 /* Extensions */ = {
			isa = PBXGroup;
			children = (
				DE0774C020836A3700BE3D04 /* UIImageView+addImageAspectRatioContraint.swift */,
				620F350422F067B800931A39 /* UIView.Contentmode+CustomStringConvertible.swift */,
			);
			name = Extensions;
			sourceTree = "<group>";
		};
		DE0774C82084B6A300BE3D04 /* Fakes */ = {
			isa = PBXGroup;
			children = (
				DE0774C62084B66A00BE3D04 /* MockViewController.swift */,
				DE0774C92084B6D100BE3D04 /* MockViewControllerThatIsZoomDelegate.swift */,
				DE0774CD2084BA4800BE3D04 /* FakeZoomDelegate.swift */,
				DEED01F220970FEF0087DD46 /* StubZoomyDelegate.swift */,
				DE9C4743209709EE00BF7420 /* FakeAnimator.swift */,
			);
			name = Fakes;
			sourceTree = "<group>";
		};
		DE30706E2080C58D00D043C6 /* ViewControllers */ = {
			isa = PBXGroup;
			children = (
				DE1F4D112084E66B0027C954 /* NavigationController.swift */,
				DECCAA4A2080CF1E00B89C12 /* ExamplesViewController.swift */,
				607FACD71AFB9204008FA782 /* ScreenWideImageViewController.swift */,
				DECCAA462080C6B300B89C12 /* StackViewImagesViewController.swift */,
				DE0774C420837D4900BE3D04 /* NonCenteredImagesViewController.swift */,
				DE1B49662090C0230052E648 /* ChangingActionsViewController.swift */,
				DE2B72C820A471C100344675 /* InstaZoomViewController.swift */,
				DE2FB83E20BC47AE00E130BD /* FloatingActionButtonViewController.swift */,
				625484F922D7A2B7001F0013 /* SquaredImagesCollectionViewController.swift */,
			);
			name = ViewControllers;
			sourceTree = "<group>";
		};
		DE30706F2080C5C900D043C6 /* Resources */ = {
			isa = PBXGroup;
			children = (
				607FACDC1AFB9204008FA782 /* Images.xcassets */,
				DE99B38C2083603900D141DE /* Images.swift */,
			);
			name = Resources;
			sourceTree = "<group>";
		};
		DE9C330E20AB751A00827664 /* Zoomy_ExampleUITests */ = {
			isa = PBXGroup;
			children = (
				DE9C330F20AB751A00827664 /* Zoomy_ExampleUITests.swift */,
				DE9C331120AB751A00827664 /* Info.plist */,
			);
			path = Zoomy_ExampleUITests;
			sourceTree = "<group>";
		};
		DECCAA432080C62400B89C12 /* Views */ = {
			isa = PBXGroup;
			children = (
				607FACD91AFB9204008FA782 /* Main.storyboard */,
				607FACDE1AFB9204008FA782 /* LaunchScreen.xib */,
				625484F522D79DF6001F0013 /* CollectionViewCellWithImage.swift */,
			);
			name = Views;
			sourceTree = "<group>";
		};
/* End PBXGroup section */

/* Begin PBXNativeTarget section */
		607FACCF1AFB9204008FA782 /* Zoomy_Example */ = {
			isa = PBXNativeTarget;
			buildConfigurationList = 607FACEF1AFB9204008FA782 /* Build configuration list for PBXNativeTarget "Zoomy_Example" */;
			buildPhases = (
				3593CC768E21B2D2236854EE /* [CP] Check Pods Manifest.lock */,
				607FACCC1AFB9204008FA782 /* Sources */,
				607FACCD1AFB9204008FA782 /* Frameworks */,
				607FACCE1AFB9204008FA782 /* Resources */,
				2837E8D9851C11BC5E8A85D1 /* [CP] Embed Pods Frameworks */,
			);
			buildRules = (
			);
			dependencies = (
			);
			name = Zoomy_Example;
			productName = Zoomy;
			productReference = 607FACD01AFB9204008FA782 /* Zoomy_Example.app */;
			productType = "com.apple.product-type.application";
		};
		607FACE41AFB9204008FA782 /* Zoomy_Tests */ = {
			isa = PBXNativeTarget;
			buildConfigurationList = 607FACF21AFB9204008FA782 /* Build configuration list for PBXNativeTarget "Zoomy_Tests" */;
			buildPhases = (
				B07872E5A59F44989E1462EB /* [CP] Check Pods Manifest.lock */,
				607FACE11AFB9204008FA782 /* Sources */,
				607FACE21AFB9204008FA782 /* Frameworks */,
				607FACE31AFB9204008FA782 /* Resources */,
				0277009363B8F04A0CA3494D /* [CP] Embed Pods Frameworks */,
			);
			buildRules = (
			);
			dependencies = (
				607FACE71AFB9204008FA782 /* PBXTargetDependency */,
			);
			name = Zoomy_Tests;
			productName = Tests;
			productReference = 607FACE51AFB9204008FA782 /* Zoomy_Tests.xctest */;
			productType = "com.apple.product-type.bundle.unit-test";
		};
		DE9C330C20AB751A00827664 /* Zoomy_ExampleUITests */ = {
			isa = PBXNativeTarget;
			buildConfigurationList = DE9C331620AB751A00827664 /* Build configuration list for PBXNativeTarget "Zoomy_ExampleUITests" */;
			buildPhases = (
				DE9C330920AB751A00827664 /* Sources */,
				DE9C330A20AB751A00827664 /* Frameworks */,
				DE9C330B20AB751A00827664 /* Resources */,
			);
			buildRules = (
			);
			dependencies = (
				DE9C331320AB751A00827664 /* PBXTargetDependency */,
			);
			name = Zoomy_ExampleUITests;
			productName = Zoomy_ExampleUITests;
			productReference = DE9C330D20AB751A00827664 /* Zoomy_ExampleUITests.xctest */;
			productType = "com.apple.product-type.bundle.ui-testing";
		};
/* End PBXNativeTarget section */

/* Begin PBXProject section */
		607FACC81AFB9204008FA782 /* Project object */ = {
			isa = PBXProject;
			attributes = {
				LastSwiftUpdateCheck = 0930;
				LastUpgradeCheck = 1030;
				ORGANIZATIONNAME = CocoaPods;
				TargetAttributes = {
					607FACCF1AFB9204008FA782 = {
						CreatedOnToolsVersion = 6.3.1;
						DevelopmentTeam = P6ZSWCNHR5;
						LastSwiftMigration = 1030;
					};
					607FACE41AFB9204008FA782 = {
						CreatedOnToolsVersion = 6.3.1;
						DevelopmentTeam = P6ZSWCNHR5;
						LastSwiftMigration = 1030;
						TestTargetID = 607FACCF1AFB9204008FA782;
					};
					DE9C330C20AB751A00827664 = {
						CreatedOnToolsVersion = 9.3;
						DevelopmentTeam = P6ZSWCNHR5;
						LastSwiftMigration = 1030;
						ProvisioningStyle = Automatic;
						TestTargetID = 607FACCF1AFB9204008FA782;
					};
				};
			};
			buildConfigurationList = 607FACCB1AFB9204008FA782 /* Build configuration list for PBXProject "Zoomy" */;
			compatibilityVersion = "Xcode 3.2";
			developmentRegion = English;
			hasScannedForEncodings = 0;
			knownRegions = (
				English,
				en,
				Base,
			);
			mainGroup = 607FACC71AFB9204008FA782;
			productRefGroup = 607FACD11AFB9204008FA782 /* Products */;
			projectDirPath = "";
			projectRoot = "";
			targets = (
				607FACCF1AFB9204008FA782 /* Zoomy_Example */,
				607FACE41AFB9204008FA782 /* Zoomy_Tests */,
				DE9C330C20AB751A00827664 /* Zoomy_ExampleUITests */,
			);
		};
/* End PBXProject section */

/* Begin PBXResourcesBuildPhase section */
		607FACCE1AFB9204008FA782 /* Resources */ = {
			isa = PBXResourcesBuildPhase;
			buildActionMask = 2147483647;
			files = (
				607FACDB1AFB9204008FA782 /* Main.storyboard in Resources */,
				607FACE01AFB9204008FA782 /* LaunchScreen.xib in Resources */,
				DE9C32F820AB409F00827664 /* Fastfile in Resources */,
				607FACDD1AFB9204008FA782 /* Images.xcassets in Resources */,
			);
			runOnlyForDeploymentPostprocessing = 0;
		};
		607FACE31AFB9204008FA782 /* Resources */ = {
			isa = PBXResourcesBuildPhase;
			buildActionMask = 2147483647;
			files = (
			);
			runOnlyForDeploymentPostprocessing = 0;
		};
		DE9C330B20AB751A00827664 /* Resources */ = {
			isa = PBXResourcesBuildPhase;
			buildActionMask = 2147483647;
			files = (
			);
			runOnlyForDeploymentPostprocessing = 0;
		};
/* End PBXResourcesBuildPhase section */

/* Begin PBXShellScriptBuildPhase section */
		0277009363B8F04A0CA3494D /* [CP] Embed Pods Frameworks */ = {
			isa = PBXShellScriptBuildPhase;
			buildActionMask = 2147483647;
			files = (
			);
			inputPaths = (
				"${PODS_ROOT}/Target Support Files/Pods-Zoomy_Tests/Pods-Zoomy_Tests-frameworks.sh",
				"${BUILT_PRODUCTS_DIR}/InjectableLoggers/InjectableLoggers.framework",
			);
			name = "[CP] Embed Pods Frameworks";
			outputPaths = (
				"${TARGET_BUILD_DIR}/${FRAMEWORKS_FOLDER_PATH}/InjectableLoggers.framework",
			);
			runOnlyForDeploymentPostprocessing = 0;
			shellPath = /bin/sh;
			shellScript = "\"${PODS_ROOT}/Target Support Files/Pods-Zoomy_Tests/Pods-Zoomy_Tests-frameworks.sh\"\n";
			showEnvVarsInLog = 0;
		};
		2837E8D9851C11BC5E8A85D1 /* [CP] Embed Pods Frameworks */ = {
			isa = PBXShellScriptBuildPhase;
			buildActionMask = 2147483647;
			files = (
			);
			inputPaths = (
				"${PODS_ROOT}/Target Support Files/Pods-Zoomy_Example/Pods-Zoomy_Example-frameworks.sh",
				"${BUILT_PRODUCTS_DIR}/InjectableLoggers/InjectableLoggers.framework",
				"${BUILT_PRODUCTS_DIR}/Zoomy/Zoomy.framework",
			);
			name = "[CP] Embed Pods Frameworks";
			outputPaths = (
				"${TARGET_BUILD_DIR}/${FRAMEWORKS_FOLDER_PATH}/InjectableLoggers.framework",
				"${TARGET_BUILD_DIR}/${FRAMEWORKS_FOLDER_PATH}/Zoomy.framework",
			);
			runOnlyForDeploymentPostprocessing = 0;
			shellPath = /bin/sh;
			shellScript = "\"${PODS_ROOT}/Target Support Files/Pods-Zoomy_Example/Pods-Zoomy_Example-frameworks.sh\"\n";
			showEnvVarsInLog = 0;
		};
		3593CC768E21B2D2236854EE /* [CP] Check Pods Manifest.lock */ = {
			isa = PBXShellScriptBuildPhase;
			buildActionMask = 2147483647;
			files = (
			);
			inputPaths = (
				"${PODS_PODFILE_DIR_PATH}/Podfile.lock",
				"${PODS_ROOT}/Manifest.lock",
			);
			name = "[CP] Check Pods Manifest.lock";
			outputPaths = (
				"$(DERIVED_FILE_DIR)/Pods-Zoomy_Example-checkManifestLockResult.txt",
			);
			runOnlyForDeploymentPostprocessing = 0;
			shellPath = /bin/sh;
			shellScript = "diff \"${PODS_PODFILE_DIR_PATH}/Podfile.lock\" \"${PODS_ROOT}/Manifest.lock\" > /dev/null\nif [ $? != 0 ] ; then\n    # print error to STDERR\n    echo \"error: The sandbox is not in sync with the Podfile.lock. Run 'pod install' or update your CocoaPods installation.\" >&2\n    exit 1\nfi\n# This output is used by Xcode 'outputs' to avoid re-running this script phase.\necho \"SUCCESS\" > \"${SCRIPT_OUTPUT_FILE_0}\"\n";
			showEnvVarsInLog = 0;
		};
		B07872E5A59F44989E1462EB /* [CP] Check Pods Manifest.lock */ = {
			isa = PBXShellScriptBuildPhase;
			buildActionMask = 2147483647;
			files = (
			);
			inputPaths = (
				"${PODS_PODFILE_DIR_PATH}/Podfile.lock",
				"${PODS_ROOT}/Manifest.lock",
			);
			name = "[CP] Check Pods Manifest.lock";
			outputPaths = (
				"$(DERIVED_FILE_DIR)/Pods-Zoomy_Tests-checkManifestLockResult.txt",
			);
			runOnlyForDeploymentPostprocessing = 0;
			shellPath = /bin/sh;
			shellScript = "diff \"${PODS_PODFILE_DIR_PATH}/Podfile.lock\" \"${PODS_ROOT}/Manifest.lock\" > /dev/null\nif [ $? != 0 ] ; then\n    # print error to STDERR\n    echo \"error: The sandbox is not in sync with the Podfile.lock. Run 'pod install' or update your CocoaPods installation.\" >&2\n    exit 1\nfi\n# This output is used by Xcode 'outputs' to avoid re-running this script phase.\necho \"SUCCESS\" > \"${SCRIPT_OUTPUT_FILE_0}\"\n";
			showEnvVarsInLog = 0;
		};
/* End PBXShellScriptBuildPhase section */

/* Begin PBXSourcesBuildPhase section */
		607FACCC1AFB9204008FA782 /* Sources */ = {
			isa = PBXSourcesBuildPhase;
			buildActionMask = 2147483647;
			files = (
				DE0774C120836A3700BE3D04 /* UIImageView+addImageAspectRatioContraint.swift in Sources */,
				DE1F4D122084E66B0027C954 /* NavigationController.swift in Sources */,
				620F350522F067B800931A39 /* UIView.Contentmode+CustomStringConvertible.swift in Sources */,
				607FACD81AFB9204008FA782 /* ScreenWideImageViewController.swift in Sources */,
				625484FA22D7A2B7001F0013 /* SquaredImagesCollectionViewController.swift in Sources */,
				DE0774C520837D4900BE3D04 /* NonCenteredImagesViewController.swift in Sources */,
				DE99B38D2083603900D141DE /* Images.swift in Sources */,
				DE2B72C920A471C100344675 /* InstaZoomViewController.swift in Sources */,
				625484F622D79DF6001F0013 /* CollectionViewCellWithImage.swift in Sources */,
				DE1B49672090C0230052E648 /* ChangingActionsViewController.swift in Sources */,
				DECCAA4B2080CF1E00B89C12 /* ExamplesViewController.swift in Sources */,
				607FACD61AFB9204008FA782 /* AppDelegate.swift in Sources */,
				DECCAA472080C6B300B89C12 /* StackViewImagesViewController.swift in Sources */,
				DE2FB83F20BC47AE00E130BD /* FloatingActionButtonViewController.swift in Sources */,
			);
			runOnlyForDeploymentPostprocessing = 0;
		};
		607FACE11AFB9204008FA782 /* Sources */ = {
			isa = PBXSourcesBuildPhase;
			buildActionMask = 2147483647;
			files = (
				DE0774CF2084BA7700BE3D04 /* FakeZoomDelegate.swift in Sources */,
				DE0774CC2084B74500BE3D04 /* MockViewControllerThatIsZoomDelegate.swift in Sources */,
				DE0774CB2084B74100BE3D04 /* MockViewController.swift in Sources */,
				DECB2ACD2084C610006ED8CE /* AssertionMessages.swift in Sources */,
				DE2F57F9208F84360009A33D /* CGPointTests.swift in Sources */,
				DECB2ACF2084C63C006ED8CE /* ViewControllerThatIsZoomDelegateTests.swift in Sources */,
				DE2B72C520A34E1D00344675 /* loggerTests.swift in Sources */,
				DE2F57F7208F84300009A33D /* BounceOffsetsTests.swift in Sources */,
				DE9C474520970A4800BF7420 /* FakeAnimator.swift in Sources */,
				DE9C47422097097500BF7420 /* DefaultAnimationsTests.swift in Sources */,
				DEED01F120970E730087DD46 /* ImageZoomControllerTests.swift in Sources */,
				607FACEC1AFB9204008FA782 /* ViewControllerTests.swift in Sources */,
				DEED01F320970FEF0087DD46 /* StubZoomyDelegate.swift in Sources */,
			);
			runOnlyForDeploymentPostprocessing = 0;
		};
		DE9C330920AB751A00827664 /* Sources */ = {
			isa = PBXSourcesBuildPhase;
			buildActionMask = 2147483647;
			files = (
				DE9C331020AB751A00827664 /* Zoomy_ExampleUITests.swift in Sources */,
			);
			runOnlyForDeploymentPostprocessing = 0;
		};
/* End PBXSourcesBuildPhase section */

/* Begin PBXTargetDependency section */
		607FACE71AFB9204008FA782 /* PBXTargetDependency */ = {
			isa = PBXTargetDependency;
			target = 607FACCF1AFB9204008FA782 /* Zoomy_Example */;
			targetProxy = 607FACE61AFB9204008FA782 /* PBXContainerItemProxy */;
		};
		DE9C331320AB751A00827664 /* PBXTargetDependency */ = {
			isa = PBXTargetDependency;
			target = 607FACCF1AFB9204008FA782 /* Zoomy_Example */;
			targetProxy = DE9C331220AB751A00827664 /* PBXContainerItemProxy */;
		};
/* End PBXTargetDependency section */

/* Begin PBXVariantGroup section */
		607FACD91AFB9204008FA782 /* Main.storyboard */ = {
			isa = PBXVariantGroup;
			children = (
				607FACDA1AFB9204008FA782 /* Base */,
			);
			name = Main.storyboard;
			sourceTree = "<group>";
		};
		607FACDE1AFB9204008FA782 /* LaunchScreen.xib */ = {
			isa = PBXVariantGroup;
			children = (
				607FACDF1AFB9204008FA782 /* Base */,
			);
			name = LaunchScreen.xib;
			sourceTree = "<group>";
		};
/* End PBXVariantGroup section */

/* Begin XCBuildConfiguration section */
		607FACED1AFB9204008FA782 /* Debug */ = {
			isa = XCBuildConfiguration;
			buildSettings = {
				ALWAYS_SEARCH_USER_PATHS = NO;
				CLANG_ANALYZER_LOCALIZABILITY_NONLOCALIZED = YES;
				CLANG_CXX_LANGUAGE_STANDARD = "gnu++0x";
				CLANG_CXX_LIBRARY = "libc++";
				CLANG_ENABLE_MODULES = YES;
				CLANG_ENABLE_OBJC_ARC = YES;
				CLANG_WARN_BLOCK_CAPTURE_AUTORELEASING = YES;
				CLANG_WARN_BOOL_CONVERSION = YES;
				CLANG_WARN_COMMA = YES;
				CLANG_WARN_CONSTANT_CONVERSION = YES;
				CLANG_WARN_DEPRECATED_OBJC_IMPLEMENTATIONS = YES;
				CLANG_WARN_DIRECT_OBJC_ISA_USAGE = YES_ERROR;
				CLANG_WARN_EMPTY_BODY = YES;
				CLANG_WARN_ENUM_CONVERSION = YES;
				CLANG_WARN_INFINITE_RECURSION = YES;
				CLANG_WARN_INT_CONVERSION = YES;
				CLANG_WARN_NON_LITERAL_NULL_CONVERSION = YES;
				CLANG_WARN_OBJC_IMPLICIT_RETAIN_SELF = YES;
				CLANG_WARN_OBJC_LITERAL_CONVERSION = YES;
				CLANG_WARN_OBJC_ROOT_CLASS = YES_ERROR;
				CLANG_WARN_RANGE_LOOP_ANALYSIS = YES;
				CLANG_WARN_STRICT_PROTOTYPES = YES;
				CLANG_WARN_SUSPICIOUS_MOVE = YES;
				CLANG_WARN_UNREACHABLE_CODE = YES;
				CLANG_WARN__DUPLICATE_METHOD_MATCH = YES;
				"CODE_SIGN_IDENTITY[sdk=iphoneos*]" = "iPhone Developer";
				COPY_PHASE_STRIP = NO;
				DEBUG_INFORMATION_FORMAT = "dwarf-with-dsym";
				ENABLE_STRICT_OBJC_MSGSEND = YES;
				ENABLE_TESTABILITY = YES;
				GCC_C_LANGUAGE_STANDARD = gnu99;
				GCC_DYNAMIC_NO_PIC = NO;
				GCC_NO_COMMON_BLOCKS = YES;
				GCC_OPTIMIZATION_LEVEL = 0;
				GCC_PREPROCESSOR_DEFINITIONS = (
					"DEBUG=1",
					"$(inherited)",
				);
				GCC_SYMBOLS_PRIVATE_EXTERN = NO;
				GCC_WARN_64_TO_32_BIT_CONVERSION = YES;
				GCC_WARN_ABOUT_RETURN_TYPE = YES_ERROR;
				GCC_WARN_UNDECLARED_SELECTOR = YES;
				GCC_WARN_UNINITIALIZED_AUTOS = YES_AGGRESSIVE;
				GCC_WARN_UNUSED_FUNCTION = YES;
				GCC_WARN_UNUSED_VARIABLE = YES;
				IPHONEOS_DEPLOYMENT_TARGET = 8.0;
				MTL_ENABLE_DEBUG_INFO = YES;
				ONLY_ACTIVE_ARCH = YES;
				SDKROOT = iphoneos;
				SWIFT_OPTIMIZATION_LEVEL = "-Onone";
			};
			name = Debug;
		};
		607FACEE1AFB9204008FA782 /* Release */ = {
			isa = XCBuildConfiguration;
			buildSettings = {
				ALWAYS_SEARCH_USER_PATHS = NO;
				CLANG_ANALYZER_LOCALIZABILITY_NONLOCALIZED = YES;
				CLANG_CXX_LANGUAGE_STANDARD = "gnu++0x";
				CLANG_CXX_LIBRARY = "libc++";
				CLANG_ENABLE_MODULES = YES;
				CLANG_ENABLE_OBJC_ARC = YES;
				CLANG_WARN_BLOCK_CAPTURE_AUTORELEASING = YES;
				CLANG_WARN_BOOL_CONVERSION = YES;
				CLANG_WARN_COMMA = YES;
				CLANG_WARN_CONSTANT_CONVERSION = YES;
				CLANG_WARN_DEPRECATED_OBJC_IMPLEMENTATIONS = YES;
				CLANG_WARN_DIRECT_OBJC_ISA_USAGE = YES_ERROR;
				CLANG_WARN_EMPTY_BODY = YES;
				CLANG_WARN_ENUM_CONVERSION = YES;
				CLANG_WARN_INFINITE_RECURSION = YES;
				CLANG_WARN_INT_CONVERSION = YES;
				CLANG_WARN_NON_LITERAL_NULL_CONVERSION = YES;
				CLANG_WARN_OBJC_IMPLICIT_RETAIN_SELF = YES;
				CLANG_WARN_OBJC_LITERAL_CONVERSION = YES;
				CLANG_WARN_OBJC_ROOT_CLASS = YES_ERROR;
				CLANG_WARN_RANGE_LOOP_ANALYSIS = YES;
				CLANG_WARN_STRICT_PROTOTYPES = YES;
				CLANG_WARN_SUSPICIOUS_MOVE = YES;
				CLANG_WARN_UNREACHABLE_CODE = YES;
				CLANG_WARN__DUPLICATE_METHOD_MATCH = YES;
				"CODE_SIGN_IDENTITY[sdk=iphoneos*]" = "iPhone Developer";
				COPY_PHASE_STRIP = NO;
				DEBUG_INFORMATION_FORMAT = "dwarf-with-dsym";
				ENABLE_NS_ASSERTIONS = NO;
				ENABLE_STRICT_OBJC_MSGSEND = YES;
				GCC_C_LANGUAGE_STANDARD = gnu99;
				GCC_NO_COMMON_BLOCKS = YES;
				GCC_WARN_64_TO_32_BIT_CONVERSION = YES;
				GCC_WARN_ABOUT_RETURN_TYPE = YES_ERROR;
				GCC_WARN_UNDECLARED_SELECTOR = YES;
				GCC_WARN_UNINITIALIZED_AUTOS = YES_AGGRESSIVE;
				GCC_WARN_UNUSED_FUNCTION = YES;
				GCC_WARN_UNUSED_VARIABLE = YES;
				IPHONEOS_DEPLOYMENT_TARGET = 8.0;
				MTL_ENABLE_DEBUG_INFO = NO;
				SDKROOT = iphoneos;
				SWIFT_OPTIMIZATION_LEVEL = "-Owholemodule";
				VALIDATE_PRODUCT = YES;
			};
			name = Release;
		};
		607FACF01AFB9204008FA782 /* Debug */ = {
			isa = XCBuildConfiguration;
			baseConfigurationReference = DD115103ECCA1B48331A8AA4 /* Pods-Zoomy_Example.debug.xcconfig */;
			buildSettings = {
				ASSETCATALOG_COMPILER_APPICON_NAME = AppIcon;
				DEVELOPMENT_TEAM = P6ZSWCNHR5;
				INFOPLIST_FILE = Zoomy/Info.plist;
				IPHONEOS_DEPLOYMENT_TARGET = 11.0;
				LD_RUNPATH_SEARCH_PATHS = "$(inherited) @executable_path/Frameworks";
				MODULE_NAME = ExampleApp;
				PRODUCT_BUNDLE_IDENTIFIER = "org.cocoapods.demo.$(PRODUCT_NAME:rfc1034identifier)";
				PRODUCT_NAME = "$(TARGET_NAME)";
				SWIFT_VERSION = 5.0;
			};
			name = Debug;
		};
		607FACF11AFB9204008FA782 /* Release */ = {
			isa = XCBuildConfiguration;
			baseConfigurationReference = 03AB2A65BF0838941B06335E /* Pods-Zoomy_Example.release.xcconfig */;
			buildSettings = {
				ASSETCATALOG_COMPILER_APPICON_NAME = AppIcon;
				DEVELOPMENT_TEAM = P6ZSWCNHR5;
				INFOPLIST_FILE = Zoomy/Info.plist;
				IPHONEOS_DEPLOYMENT_TARGET = 11.0;
				LD_RUNPATH_SEARCH_PATHS = "$(inherited) @executable_path/Frameworks";
				MODULE_NAME = ExampleApp;
				PRODUCT_BUNDLE_IDENTIFIER = "org.cocoapods.demo.$(PRODUCT_NAME:rfc1034identifier)";
				PRODUCT_NAME = "$(TARGET_NAME)";
				SWIFT_VERSION = 5.0;
			};
			name = Release;
		};
		607FACF31AFB9204008FA782 /* Debug */ = {
			isa = XCBuildConfiguration;
			baseConfigurationReference = C26A9668B695057665AAB154 /* Pods-Zoomy_Tests.debug.xcconfig */;
			buildSettings = {
				DEVELOPMENT_TEAM = P6ZSWCNHR5;
				FRAMEWORK_SEARCH_PATHS = (
					"$(SDKROOT)/Developer/Library/Frameworks",
					"$(inherited)",
				);
				GCC_PREPROCESSOR_DEFINITIONS = (
					"DEBUG=1",
					"$(inherited)",
				);
				INFOPLIST_FILE = Tests/Info.plist;
				LD_RUNPATH_SEARCH_PATHS = "$(inherited) @executable_path/Frameworks @loader_path/Frameworks";
				PRODUCT_BUNDLE_IDENTIFIER = "org.cocoapods.$(PRODUCT_NAME:rfc1034identifier)";
				PRODUCT_NAME = "$(TARGET_NAME)";
				SWIFT_VERSION = 5.0;
				TEST_HOST = "$(BUILT_PRODUCTS_DIR)/Zoomy_Example.app/Zoomy_Example";
			};
			name = Debug;
		};
		607FACF41AFB9204008FA782 /* Release */ = {
			isa = XCBuildConfiguration;
			baseConfigurationReference = 6EBE13B570B856F523C61486 /* Pods-Zoomy_Tests.release.xcconfig */;
			buildSettings = {
				DEVELOPMENT_TEAM = P6ZSWCNHR5;
				FRAMEWORK_SEARCH_PATHS = (
					"$(SDKROOT)/Developer/Library/Frameworks",
					"$(inherited)",
				);
				INFOPLIST_FILE = Tests/Info.plist;
				LD_RUNPATH_SEARCH_PATHS = "$(inherited) @executable_path/Frameworks @loader_path/Frameworks";
				PRODUCT_BUNDLE_IDENTIFIER = "org.cocoapods.$(PRODUCT_NAME:rfc1034identifier)";
				PRODUCT_NAME = "$(TARGET_NAME)";
				SWIFT_VERSION = 5.0;
				TEST_HOST = "$(BUILT_PRODUCTS_DIR)/Zoomy_Example.app/Zoomy_Example";
			};
			name = Release;
		};
		DE9C331420AB751A00827664 /* Debug */ = {
			isa = XCBuildConfiguration;
			buildSettings = {
				CLANG_ANALYZER_NONNULL = YES;
				CLANG_ANALYZER_NUMBER_OBJECT_CONVERSION = YES_AGGRESSIVE;
				CLANG_CXX_LANGUAGE_STANDARD = "gnu++14";
				CLANG_ENABLE_OBJC_WEAK = YES;
				CLANG_WARN_DOCUMENTATION_COMMENTS = YES;
				CLANG_WARN_UNGUARDED_AVAILABILITY = YES_AGGRESSIVE;
				CODE_SIGN_IDENTITY = "iPhone Developer";
				CODE_SIGN_STYLE = Automatic;
				DEBUG_INFORMATION_FORMAT = dwarf;
				DEVELOPMENT_TEAM = P6ZSWCNHR5;
				GCC_C_LANGUAGE_STANDARD = gnu11;
				INFOPLIST_FILE = Zoomy_ExampleUITests/Info.plist;
				IPHONEOS_DEPLOYMENT_TARGET = 11.3;
				LD_RUNPATH_SEARCH_PATHS = "$(inherited) @executable_path/Frameworks @loader_path/Frameworks";
				PRODUCT_BUNDLE_IDENTIFIER = "MennoLovink.Zoomy-ExampleUITests";
				PRODUCT_NAME = "$(TARGET_NAME)";
				SWIFT_ACTIVE_COMPILATION_CONDITIONS = DEBUG;
				SWIFT_VERSION = 5.0;
				TARGETED_DEVICE_FAMILY = "1,2";
				TEST_TARGET_NAME = Zoomy_Example;
			};
			name = Debug;
		};
		DE9C331520AB751A00827664 /* Release */ = {
			isa = XCBuildConfiguration;
			buildSettings = {
				CLANG_ANALYZER_NONNULL = YES;
				CLANG_ANALYZER_NUMBER_OBJECT_CONVERSION = YES_AGGRESSIVE;
				CLANG_CXX_LANGUAGE_STANDARD = "gnu++14";
				CLANG_ENABLE_OBJC_WEAK = YES;
				CLANG_WARN_DOCUMENTATION_COMMENTS = YES;
				CLANG_WARN_UNGUARDED_AVAILABILITY = YES_AGGRESSIVE;
				CODE_SIGN_IDENTITY = "iPhone Developer";
				CODE_SIGN_STYLE = Automatic;
				DEVELOPMENT_TEAM = P6ZSWCNHR5;
				GCC_C_LANGUAGE_STANDARD = gnu11;
				INFOPLIST_FILE = Zoomy_ExampleUITests/Info.plist;
				IPHONEOS_DEPLOYMENT_TARGET = 11.3;
				LD_RUNPATH_SEARCH_PATHS = "$(inherited) @executable_path/Frameworks @loader_path/Frameworks";
				PRODUCT_BUNDLE_IDENTIFIER = "MennoLovink.Zoomy-ExampleUITests";
				PRODUCT_NAME = "$(TARGET_NAME)";
				SWIFT_VERSION = 5.0;
				TARGETED_DEVICE_FAMILY = "1,2";
				TEST_TARGET_NAME = Zoomy_Example;
			};
			name = Release;
		};
/* End XCBuildConfiguration section */

/* Begin XCConfigurationList section */
		607FACCB1AFB9204008FA782 /* Build configuration list for PBXProject "Zoomy" */ = {
			isa = XCConfigurationList;
			buildConfigurations = (
				607FACED1AFB9204008FA782 /* Debug */,
				607FACEE1AFB9204008FA782 /* Release */,
			);
			defaultConfigurationIsVisible = 0;
			defaultConfigurationName = Release;
		};
		607FACEF1AFB9204008FA782 /* Build configuration list for PBXNativeTarget "Zoomy_Example" */ = {
			isa = XCConfigurationList;
			buildConfigurations = (
				607FACF01AFB9204008FA782 /* Debug */,
				607FACF11AFB9204008FA782 /* Release */,
			);
			defaultConfigurationIsVisible = 0;
			defaultConfigurationName = Release;
		};
		607FACF21AFB9204008FA782 /* Build configuration list for PBXNativeTarget "Zoomy_Tests" */ = {
			isa = XCConfigurationList;
			buildConfigurations = (
				607FACF31AFB9204008FA782 /* Debug */,
				607FACF41AFB9204008FA782 /* Release */,
			);
			defaultConfigurationIsVisible = 0;
			defaultConfigurationName = Release;
		};
		DE9C331620AB751A00827664 /* Build configuration list for PBXNativeTarget "Zoomy_ExampleUITests" */ = {
			isa = XCConfigurationList;
			buildConfigurations = (
				DE9C331420AB751A00827664 /* Debug */,
				DE9C331520AB751A00827664 /* Release */,
			);
			defaultConfigurationIsVisible = 0;
			defaultConfigurationName = Release;
		};
/* End XCConfigurationList section */
	};
	rootObject = 607FACC81AFB9204008FA782 /* Project object */;
}
